
Microsoft Visual Studio Solution File, Format Version 12.00
# Visual Studio Version 17
Project("{2150E333-8FDC-42A3-9474-1A3956D46DE8}") = "Assimp", "Assimp", "{04006D62-0F82-3D80-AFAF-B72DC3E564BE}"
EndProject
Project("{2150E333-8FDC-42A3-9474-1A3956D46DE8}") = "CMakePredefinedTargets", "CMakePredefinedTargets", "{EFE7C29E-6E08-30FC-9837-B8B401916C2E}"
EndProject
Project("{2150E333-8FDC-42A3-9474-1A3956D46DE8}") = "ImGui", "ImGui", "{A906034E-FEF4-34D1-9EC5-A676F6A39AAB}"
EndProject
Project("{2150E333-8FDC-42A3-9474-1A3956D46DE8}") = "Project 01-09", "Project 01-09", "{7EAE174E-6242-3C80-B1A9-113CE0104359}"
EndProject
Project("{2150E333-8FDC-42A3-9474-1A3956D46DE8}") = "Project 10-17", "Project 10-17", "{F1DE3566-026C-31BA-9245-2421CDCF23E7}"
EndProject
Project("{2150E333-8FDC-42A3-9474-1A3956D46DE8}") = "Project 19-", "Project 19-", "{95B1181E-65A9-35A6-80F5-0FA9AC329786}"
EndProject
Project("{2150E333-8FDC-42A3-9474-1A3956D46DE8}") = "Project Archive", "Project Archive", "{C4EA0D9B-201B-337E-935E-D67053CAC315}"
EndProject
Project("{8BC9CEB8-8B4A-11D0-8D11-00A0C91BC942}") = "ALL_BUILD", "ALL_BUILD.vcxproj", "{49221378-2108-38F5-80EE-19BF3EDFDF2C}"
	ProjectSection(ProjectDependencies) = postProject
		{E1C99C33-9ED4-3A5C-A4CE-F7889FACB383} = {E1C99C33-9ED4-3A5C-A4CE-F7889FACB383}
		{BA9C3663-9B07-3E03-B880-2C1D9CAF9478} = {BA9C3663-9B07-3E03-B880-2C1D9CAF9478}
		{A38AC27A-6DEB-32BC-9BA7-54B48A1D2830} = {A38AC27A-6DEB-32BC-9BA7-54B48A1D2830}
		{1BAA426B-DDF9-381C-82AF-2B4EE365433B} = {1BAA426B-DDF9-381C-82AF-2B4EE365433B}
		{188658FC-EB27-39F7-8F78-457221426640} = {188658FC-EB27-39F7-8F78-457221426640}
		{6392B425-A52A-313A-977F-EB08A22B0C25} = {6392B425-A52A-313A-977F-EB08A22B0C25}
		{7EED1C4C-E386-33BE-A1C8-077930611E47} = {7EED1C4C-E386-33BE-A1C8-077930611E47}
		{D9F4AF9B-E0A1-3E4E-8090-86CCE83A9BA2} = {D9F4AF9B-E0A1-3E4E-8090-86CCE83A9BA2}
		{8B4CCDA1-3680-3742-89DE-261AE4B10EF3} = {8B4CCDA1-3680-3742-89DE-261AE4B10EF3}
		{A74F4902-E9A7-32CA-9308-F884A9DB743C} = {A74F4902-E9A7-32CA-9308-F884A9DB743C}
		{3EEE4C6E-39E5-32C1-B268-8DB8B5422A60} = {3EEE4C6E-39E5-32C1-B268-8DB8B5422A60}
		{45A9DC32-8425-3194-A294-5130A696B270} = {45A9DC32-8425-3194-A294-5130A696B270}
		{AE92B7F6-CD69-3484-91E6-9498760A1E39} = {AE92B7F6-CD69-3484-91E6-9498760A1E39}
		{8CB95B1C-408E-302E-AB1E-41557FCB252F} = {8CB95B1C-408E-302E-AB1E-41557FCB252F}
		{DF325DE5-BE02-3316-903F-32220DBA6459} = {DF325DE5-BE02-3316-903F-32220DBA6459}
		{C2CDDCE4-52D7-3C88-9EEB-2C92F68E75DA} = {C2CDDCE4-52D7-3C88-9EEB-2C92F68E75DA}
		{07340B1E-F59C-3B8B-BAC2-C2AB7EB7A687} = {07340B1E-F59C-3B8B-BAC2-C2AB7EB7A687}
		{13642216-4375-3C5B-92D5-3F74117369BF} = {13642216-4375-3C5B-92D5-3F74117369BF}
		{DAFB5D49-226F-3F88-B66E-9A0CBCF7E5CF} = {DAFB5D49-226F-3F88-B66E-9A0CBCF7E5CF}
		{A0D83473-50F4-380A-8ACE-311D947F5222} = {A0D83473-50F4-380A-8ACE-311D947F5222}
		{06E60A33-1377-3EF3-A011-CB613586BAC2} = {06E60A33-1377-3EF3-A011-CB613586BAC2}
		{8A124647-9123-3BED-8CF4-7F7B7402EB24} = {8A124647-9123-3BED-8CF4-7F7B7402EB24}
		{0623F4C9-DD25-3596-8D45-2E2A5D0D8777} = {0623F4C9-DD25-3596-8D45-2E2A5D0D8777}
		{0E547D0B-CB96-3D4C-8294-596FC54534BA} = {0E547D0B-CB96-3D4C-8294-596FC54534BA}
		{AEA80A4A-568E-36BB-88B2-0EF1CB1FD99C} = {AEA80A4A-568E-36BB-88B2-0EF1CB1FD99C}
		{727160A8-0722-37DC-98F2-D00B67B0150B} = {727160A8-0722-37DC-98F2-D00B67B0150B}
		{827AB406-96CD-3069-9E49-8B92FE54590D} = {827AB406-96CD-3069-9E49-8B92FE54590D}
		{7369FFA6-7D9A-3E0B-B5D0-C5F6EFA87BE6} = {7369FFA6-7D9A-3E0B-B5D0-C5F6EFA87BE6}
		{A0C8645F-339B-3421-9750-DC0AF14A6B00} = {A0C8645F-339B-3421-9750-DC0AF14A6B00}
		{7E0DD4E9-DD8D-399C-AE74-D8E9A8BE8B26} = {7E0DD4E9-DD8D-399C-AE74-D8E9A8BE8B26}
		{9EEB3979-FB7D-301C-81A0-52F84929E9C2} = {9EEB3979-FB7D-301C-81A0-52F84929E9C2}
		{75962869-2B5B-3761-B6DF-8F971CAAEE78} = {75962869-2B5B-3761-B6DF-8F971CAAEE78}
		{C92AA387-B1D8-330F-9FEF-0B2B36A36252} = {C92AA387-B1D8-330F-9FEF-0B2B36A36252}
		{86B563D9-9391-3327-9DE9-BAF3399D81A3} = {86B563D9-9391-3327-9DE9-BAF3399D81A3}
		{C100E702-9526-3998-8F18-8B1E4DE0B7BF} = {C100E702-9526-3998-8F18-8B1E4DE0B7BF}
		{679B63E5-B9B3-31F5-9509-CA89B4DA294E} = {679B63E5-B9B3-31F5-9509-CA89B4DA294E}
		{1147B888-2FAF-3D8F-A8E0-277E63136A96} = {1147B888-2FAF-3D8F-A8E0-277E63136A96}
		{9DE5A669-D41D-343D-A0F1-13BB99394E9F} = {9DE5A669-D41D-343D-A0F1-13BB99394E9F}
		{4174838E-B5B8-3CEF-A5CE-6C611D2B848A} = {4174838E-B5B8-3CEF-A5CE-6C611D2B848A}
		{7AB03ED8-6B50-333F-A643-296D2F23CF68} = {7AB03ED8-6B50-333F-A643-296D2F23CF68}
		{701B7B8C-78C3-3024-8D0E-F7E5C9203448} = {701B7B8C-78C3-3024-8D0E-F7E5C9203448}
		{8FB37132-3AC7-3BA4-B87A-F0CE144D9DF6} = {8FB37132-3AC7-3BA4-B87A-F0CE144D9DF6}
		{97F116BE-0BA4-34CB-8177-96DA09A088D0} = {97F116BE-0BA4-34CB-8177-96DA09A088D0}
	EndProjectSection
EndProject
Project("{8BC9CEB8-8B4A-11D0-8D11-00A0C91BC942}") = "01_DirectX11_Initialization", "Project 01-09\01 DirectX11 Initialization\01_DirectX11_Initialization.vcxproj", "{E1C99C33-9ED4-3A5C-A4CE-F7889FACB383}"
	ProjectSection(ProjectDependencies) = postProject
		{701B7B8C-78C3-3024-8D0E-F7E5C9203448} = {701B7B8C-78C3-3024-8D0E-F7E5C9203448}
	EndProjectSection
EndProject
Project("{8BC9CEB8-8B4A-11D0-8D11-00A0C91BC942}") = "02_Rendering_a_Triangle", "Project 01-09\02 Rendering a Triangle\02_Rendering_a_Triangle.vcxproj", "{BA9C3663-9B07-3E03-B880-2C1D9CAF9478}"
	ProjectSection(ProjectDependencies) = postProject
		{701B7B8C-78C3-3024-8D0E-F7E5C9203448} = {701B7B8C-78C3-3024-8D0E-F7E5C9203448}
	EndProjectSection
EndProject
Project("{8BC9CEB8-8B4A-11D0-8D11-00A0C91BC942}") = "03_Rendering_a_Cube", "Project 01-09\03 Rendering a Cube\03_Rendering_a_Cube.vcxproj", "{A38AC27A-6DEB-32BC-9BA7-54B48A1D2830}"
	ProjectSection(ProjectDependencies) = postProject
		{4174838E-B5B8-3CEF-A5CE-6C611D2B848A} = {4174838E-B5B8-3CEF-A5CE-6C611D2B848A}
		{701B7B8C-78C3-3024-8D0E-F7E5C9203448} = {701B7B8C-78C3-3024-8D0E-F7E5C9203448}
	EndProjectSection
EndProject
Project("{8BC9CEB8-8B4A-11D0-8D11-00A0C91BC942}") = "06_Use_ImGui", "Project 01-09\06 Use ImGui\06_Use_ImGui.vcxproj", "{1BAA426B-DDF9-381C-82AF-2B4EE365433B}"
	ProjectSection(ProjectDependencies) = postProject
		{4174838E-B5B8-3CEF-A5CE-6C611D2B848A} = {4174838E-B5B8-3CEF-A5CE-6C611D2B848A}
		{701B7B8C-78C3-3024-8D0E-F7E5C9203448} = {701B7B8C-78C3-3024-8D0E-F7E5C9203448}
	EndProjectSection
EndProject
Project("{8BC9CEB8-8B4A-11D0-8D11-00A0C91BC942}") = "07_Lighting", "Project 01-09\07 Lighting\07_Lighting.vcxproj", "{188658FC-EB27-39F7-8F78-457221426640}"
	ProjectSection(ProjectDependencies) = postProject
		{4174838E-B5B8-3CEF-A5CE-6C611D2B848A} = {4174838E-B5B8-3CEF-A5CE-6C611D2B848A}
		{701B7B8C-78C3-3024-8D0E-F7E5C9203448} = {701B7B8C-78C3-3024-8D0E-F7E5C9203448}
	EndProjectSection
EndProject
Project("{8BC9CEB8-8B4A-11D0-8D11-00A0C91BC942}") = "08_Direct2D_and_Direct3D_Interoperability", "Project 01-09\08 Direct2D and Direct3D Interoperability\08_Direct2D_and_Direct3D_Interoperability.vcxproj", "{6392B425-A52A-313A-977F-EB08A22B0C25}"
	ProjectSection(ProjectDependencies) = postProject
		{701B7B8C-78C3-3024-8D0E-F7E5C9203448} = {701B7B8C-78C3-3024-8D0E-F7E5C9203448}
	EndProjectSection
EndProject
Project("{8BC9CEB8-8B4A-11D0-8D11-00A0C91BC942}") = "09_Texture_Mapping", "Project 01-09\09 Texture Mapping\09_Texture_Mapping.vcxproj", "{7EED1C4C-E386-33BE-A1C8-077930611E47}"
	ProjectSection(ProjectDependencies) = postProject
		{4174838E-B5B8-3CEF-A5CE-6C611D2B848A} = {4174838E-B5B8-3CEF-A5CE-6C611D2B848A}
		{701B7B8C-78C3-3024-8D0E-F7E5C9203448} = {701B7B8C-78C3-3024-8D0E-F7E5C9203448}
	EndProjectSection
EndProject
Project("{8BC9CEB8-8B4A-11D0-8D11-00A0C91BC942}") = "10_Camera", "Project 10-17\10 Camera\10_Camera.vcxproj", "{D9F4AF9B-E0A1-3E4E-8090-86CCE83A9BA2}"
	ProjectSection(ProjectDependencies) = postProject
		{4174838E-B5B8-3CEF-A5CE-6C611D2B848A} = {4174838E-B5B8-3CEF-A5CE-6C611D2B848A}
		{701B7B8C-78C3-3024-8D0E-F7E5C9203448} = {701B7B8C-78C3-3024-8D0E-F7E5C9203448}
	EndProjectSection
EndProject
Project("{8BC9CEB8-8B4A-11D0-8D11-00A0C91BC942}") = "11_Blending", "Project 10-17\11 Blending\11_Blending.vcxproj", "{8B4CCDA1-3680-3742-89DE-261AE4B10EF3}"
	ProjectSection(ProjectDependencies) = postProject
		{4174838E-B5B8-3CEF-A5CE-6C611D2B848A} = {4174838E-B5B8-3CEF-A5CE-6C611D2B848A}
		{701B7B8C-78C3-3024-8D0E-F7E5C9203448} = {701B7B8C-78C3-3024-8D0E-F7E5C9203448}
	EndProjectSection
EndProject
Project("{8BC9CEB8-8B4A-11D0-8D11-00A0C91BC942}") = "12_Depth_and_Stenciling", "Project 10-17\12 Depth and Stenciling\12_Depth_and_Stenciling.vcxproj", "{A74F4902-E9A7-32CA-9308-F884A9DB743C}"
	ProjectSection(ProjectDependencies) = postProject
		{4174838E-B5B8-3CEF-A5CE-6C611D2B848A} = {4174838E-B5B8-3CEF-A5CE-6C611D2B848A}
		{701B7B8C-78C3-3024-8D0E-F7E5C9203448} = {701B7B8C-78C3-3024-8D0E-F7E5C9203448}
	EndProjectSection
EndProject
Project("{8BC9CEB8-8B4A-11D0-8D11-00A0C91BC942}") = "13_Living_Without_FX11", "Project 10-17\13 Living Without FX11\13_Living_Without_FX11.vcxproj", "{3EEE4C6E-39E5-32C1-B268-8DB8B5422A60}"
	ProjectSection(ProjectDependencies) = postProject
		{4174838E-B5B8-3CEF-A5CE-6C611D2B848A} = {4174838E-B5B8-3CEF-A5CE-6C611D2B848A}
		{701B7B8C-78C3-3024-8D0E-F7E5C9203448} = {701B7B8C-78C3-3024-8D0E-F7E5C9203448}
	EndProjectSection
EndProject
Project("{8BC9CEB8-8B4A-11D0-8D11-00A0C91BC942}") = "14_Depth_Test", "Project 10-17\14 Depth Test\14_Depth_Test.vcxproj", "{45A9DC32-8425-3194-A294-5130A696B270}"
	ProjectSection(ProjectDependencies) = postProject
		{4174838E-B5B8-3CEF-A5CE-6C611D2B848A} = {4174838E-B5B8-3CEF-A5CE-6C611D2B848A}
		{701B7B8C-78C3-3024-8D0E-F7E5C9203448} = {701B7B8C-78C3-3024-8D0E-F7E5C9203448}
	EndProjectSection
EndProject
Project("{8BC9CEB8-8B4A-11D0-8D11-00A0C91BC942}") = "15_Geometry_Shader_Beginning", "Project 10-17\15 Geometry Shader Beginning\15_Geometry_Shader_Beginning.vcxproj", "{AE92B7F6-CD69-3484-91E6-9498760A1E39}"
	ProjectSection(ProjectDependencies) = postProject
		{4174838E-B5B8-3CEF-A5CE-6C611D2B848A} = {4174838E-B5B8-3CEF-A5CE-6C611D2B848A}
		{701B7B8C-78C3-3024-8D0E-F7E5C9203448} = {701B7B8C-78C3-3024-8D0E-F7E5C9203448}
	EndProjectSection
EndProject
Project("{8BC9CEB8-8B4A-11D0-8D11-00A0C91BC942}") = "16_Stream_Output", "Project 10-17\16 Stream Output\16_Stream_Output.vcxproj", "{8CB95B1C-408E-302E-AB1E-41557FCB252F}"
	ProjectSection(ProjectDependencies) = postProject
		{4174838E-B5B8-3CEF-A5CE-6C611D2B848A} = {4174838E-B5B8-3CEF-A5CE-6C611D2B848A}
		{701B7B8C-78C3-3024-8D0E-F7E5C9203448} = {701B7B8C-78C3-3024-8D0E-F7E5C9203448}
	EndProjectSection
EndProject
Project("{8BC9CEB8-8B4A-11D0-8D11-00A0C91BC942}") = "17_Tree_Billboard", "Project 10-17\17 Tree Billboard\17_Tree_Billboard.vcxproj", "{DF325DE5-BE02-3316-903F-32220DBA6459}"
	ProjectSection(ProjectDependencies) = postProject
		{4174838E-B5B8-3CEF-A5CE-6C611D2B848A} = {4174838E-B5B8-3CEF-A5CE-6C611D2B848A}
		{701B7B8C-78C3-3024-8D0E-F7E5C9203448} = {701B7B8C-78C3-3024-8D0E-F7E5C9203448}
	EndProjectSection
EndProject
Project("{8BC9CEB8-8B4A-11D0-8D11-00A0C91BC942}") = "19_Meshes", "Project 19-\19 Meshes\19_Meshes.vcxproj", "{C2CDDCE4-52D7-3C88-9EEB-2C92F68E75DA}"
	ProjectSection(ProjectDependencies) = postProject
		{9DE5A669-D41D-343D-A0F1-13BB99394E9F} = {9DE5A669-D41D-343D-A0F1-13BB99394E9F}
		{4174838E-B5B8-3CEF-A5CE-6C611D2B848A} = {4174838E-B5B8-3CEF-A5CE-6C611D2B848A}
		{701B7B8C-78C3-3024-8D0E-F7E5C9203448} = {701B7B8C-78C3-3024-8D0E-F7E5C9203448}
		{8FB37132-3AC7-3BA4-B87A-F0CE144D9DF6} = {8FB37132-3AC7-3BA4-B87A-F0CE144D9DF6}
		{97F116BE-0BA4-34CB-8177-96DA09A088D0} = {97F116BE-0BA4-34CB-8177-96DA09A088D0}
	EndProjectSection
EndProject
Project("{8BC9CEB8-8B4A-11D0-8D11-00A0C91BC942}") = "20_Instancing_and_Frustum_Culling", "Project 19-\20 Instancing and Frustum Culling\20_Instancing_and_Frustum_Culling.vcxproj", "{07340B1E-F59C-3B8B-BAC2-C2AB7EB7A687}"
	ProjectSection(ProjectDependencies) = postProject
		{9DE5A669-D41D-343D-A0F1-13BB99394E9F} = {9DE5A669-D41D-343D-A0F1-13BB99394E9F}
		{4174838E-B5B8-3CEF-A5CE-6C611D2B848A} = {4174838E-B5B8-3CEF-A5CE-6C611D2B848A}
		{701B7B8C-78C3-3024-8D0E-F7E5C9203448} = {701B7B8C-78C3-3024-8D0E-F7E5C9203448}
		{8FB37132-3AC7-3BA4-B87A-F0CE144D9DF6} = {8FB37132-3AC7-3BA4-B87A-F0CE144D9DF6}
		{97F116BE-0BA4-34CB-8177-96DA09A088D0} = {97F116BE-0BA4-34CB-8177-96DA09A088D0}
	EndProjectSection
EndProject
Project("{8BC9CEB8-8B4A-11D0-8D11-00A0C91BC942}") = "21_Picking", "Project 19-\21 Picking\21_Picking.vcxproj", "{13642216-4375-3C5B-92D5-3F74117369BF}"
	ProjectSection(ProjectDependencies) = postProject
		{9DE5A669-D41D-343D-A0F1-13BB99394E9F} = {9DE5A669-D41D-343D-A0F1-13BB99394E9F}
		{4174838E-B5B8-3CEF-A5CE-6C611D2B848A} = {4174838E-B5B8-3CEF-A5CE-6C611D2B848A}
		{701B7B8C-78C3-3024-8D0E-F7E5C9203448} = {701B7B8C-78C3-3024-8D0E-F7E5C9203448}
		{8FB37132-3AC7-3BA4-B87A-F0CE144D9DF6} = {8FB37132-3AC7-3BA4-B87A-F0CE144D9DF6}
		{97F116BE-0BA4-34CB-8177-96DA09A088D0} = {97F116BE-0BA4-34CB-8177-96DA09A088D0}
	EndProjectSection
EndProject
Project("{8BC9CEB8-8B4A-11D0-8D11-00A0C91BC942}") = "22_Static_Cube_Mapping", "Project 19-\22 Static Cube Mapping\22_Static_Cube_Mapping.vcxproj", "{DAFB5D49-226F-3F88-B66E-9A0CBCF7E5CF}"
	ProjectSection(ProjectDependencies) = postProject
		{9DE5A669-D41D-343D-A0F1-13BB99394E9F} = {9DE5A669-D41D-343D-A0F1-13BB99394E9F}
		{4174838E-B5B8-3CEF-A5CE-6C611D2B848A} = {4174838E-B5B8-3CEF-A5CE-6C611D2B848A}
		{701B7B8C-78C3-3024-8D0E-F7E5C9203448} = {701B7B8C-78C3-3024-8D0E-F7E5C9203448}
		{8FB37132-3AC7-3BA4-B87A-F0CE144D9DF6} = {8FB37132-3AC7-3BA4-B87A-F0CE144D9DF6}
		{97F116BE-0BA4-34CB-8177-96DA09A088D0} = {97F116BE-0BA4-34CB-8177-96DA09A088D0}
	EndProjectSection
EndProject
Project("{8BC9CEB8-8B4A-11D0-8D11-00A0C91BC942}") = "23_Dynamic_Cube_Mapping", "Project 19-\23 Dynamic Cube Mapping\23_Dynamic_Cube_Mapping.vcxproj", "{A0D83473-50F4-380A-8ACE-311D947F5222}"
	ProjectSection(ProjectDependencies) = postProject
		{9DE5A669-D41D-343D-A0F1-13BB99394E9F} = {9DE5A669-D41D-343D-A0F1-13BB99394E9F}
		{4174838E-B5B8-3CEF-A5CE-6C611D2B848A} = {4174838E-B5B8-3CEF-A5CE-6C611D2B848A}
		{701B7B8C-78C3-3024-8D0E-F7E5C9203448} = {701B7B8C-78C3-3024-8D0E-F7E5C9203448}
		{8FB37132-3AC7-3BA4-B87A-F0CE144D9DF6} = {8FB37132-3AC7-3BA4-B87A-F0CE144D9DF6}
		{97F116BE-0BA4-34CB-8177-96DA09A088D0} = {97F116BE-0BA4-34CB-8177-96DA09A088D0}
	EndProjectSection
EndProject
Project("{8BC9CEB8-8B4A-11D0-8D11-00A0C91BC942}") = "24_Render_To_Texture", "Project 19-\24 Render To Texture\24_Render_To_Texture.vcxproj", "{06E60A33-1377-3EF3-A011-CB613586BAC2}"
	ProjectSection(ProjectDependencies) = postProject
		{9DE5A669-D41D-343D-A0F1-13BB99394E9F} = {9DE5A669-D41D-343D-A0F1-13BB99394E9F}
		{4174838E-B5B8-3CEF-A5CE-6C611D2B848A} = {4174838E-B5B8-3CEF-A5CE-6C611D2B848A}
		{701B7B8C-78C3-3024-8D0E-F7E5C9203448} = {701B7B8C-78C3-3024-8D0E-F7E5C9203448}
		{8FB37132-3AC7-3BA4-B87A-F0CE144D9DF6} = {8FB37132-3AC7-3BA4-B87A-F0CE144D9DF6}
		{97F116BE-0BA4-34CB-8177-96DA09A088D0} = {97F116BE-0BA4-34CB-8177-96DA09A088D0}
	EndProjectSection
EndProject
Project("{8BC9CEB8-8B4A-11D0-8D11-00A0C91BC942}") = "25_Normal_Mapping", "Project 19-\25 Normal Mapping\25_Normal_Mapping.vcxproj", "{8A124647-9123-3BED-8CF4-7F7B7402EB24}"
	ProjectSection(ProjectDependencies) = postProject
		{9DE5A669-D41D-343D-A0F1-13BB99394E9F} = {9DE5A669-D41D-343D-A0F1-13BB99394E9F}
		{4174838E-B5B8-3CEF-A5CE-6C611D2B848A} = {4174838E-B5B8-3CEF-A5CE-6C611D2B848A}
		{701B7B8C-78C3-3024-8D0E-F7E5C9203448} = {701B7B8C-78C3-3024-8D0E-F7E5C9203448}
		{8FB37132-3AC7-3BA4-B87A-F0CE144D9DF6} = {8FB37132-3AC7-3BA4-B87A-F0CE144D9DF6}
		{97F116BE-0BA4-34CB-8177-96DA09A088D0} = {97F116BE-0BA4-34CB-8177-96DA09A088D0}
	EndProjectSection
EndProject
Project("{8BC9CEB8-8B4A-11D0-8D11-00A0C91BC942}") = "26_Compute_Shader_Beginning", "Project 19-\26 Compute Shader Beginning\26_Compute_Shader_Beginning.vcxproj", "{0623F4C9-DD25-3596-8D45-2E2A5D0D8777}"
	ProjectSection(ProjectDependencies) = postProject
		{701B7B8C-78C3-3024-8D0E-F7E5C9203448} = {701B7B8C-78C3-3024-8D0E-F7E5C9203448}
	EndProjectSection
EndProject
Project("{8BC9CEB8-8B4A-11D0-8D11-00A0C91BC942}") = "27_Bitonic_Sort", "Project 19-\27 Bitonic Sort\27_Bitonic_Sort.vcxproj", "{0E547D0B-CB96-3D4C-8294-596FC54534BA}"
	ProjectSection(ProjectDependencies) = postProject
		{701B7B8C-78C3-3024-8D0E-F7E5C9203448} = {701B7B8C-78C3-3024-8D0E-F7E5C9203448}
	EndProjectSection
EndProject
Project("{8BC9CEB8-8B4A-11D0-8D11-00A0C91BC942}") = "28_Waves", "Project 19-\28 Waves\28_Waves.vcxproj", "{AEA80A4A-568E-36BB-88B2-0EF1CB1FD99C}"
	ProjectSection(ProjectDependencies) = postProject
		{9DE5A669-D41D-343D-A0F1-13BB99394E9F} = {9DE5A669-D41D-343D-A0F1-13BB99394E9F}
		{4174838E-B5B8-3CEF-A5CE-6C611D2B848A} = {4174838E-B5B8-3CEF-A5CE-6C611D2B848A}
		{701B7B8C-78C3-3024-8D0E-F7E5C9203448} = {701B7B8C-78C3-3024-8D0E-F7E5C9203448}
		{8FB37132-3AC7-3BA4-B87A-F0CE144D9DF6} = {8FB37132-3AC7-3BA4-B87A-F0CE144D9DF6}
		{97F116BE-0BA4-34CB-8177-96DA09A088D0} = {97F116BE-0BA4-34CB-8177-96DA09A088D0}
	EndProjectSection
EndProject
Project("{8BC9CEB8-8B4A-11D0-8D11-00A0C91BC942}") = "29_OIT", "Project 19-\29 OIT\29_OIT.vcxproj", "{727160A8-0722-37DC-98F2-D00B67B0150B}"
	ProjectSection(ProjectDependencies) = postProject
		{9DE5A669-D41D-343D-A0F1-13BB99394E9F} = {9DE5A669-D41D-343D-A0F1-13BB99394E9F}
		{4174838E-B5B8-3CEF-A5CE-6C611D2B848A} = {4174838E-B5B8-3CEF-A5CE-6C611D2B848A}
		{701B7B8C-78C3-3024-8D0E-F7E5C9203448} = {701B7B8C-78C3-3024-8D0E-F7E5C9203448}
		{8FB37132-3AC7-3BA4-B87A-F0CE144D9DF6} = {8FB37132-3AC7-3BA4-B87A-F0CE144D9DF6}
		{97F116BE-0BA4-34CB-8177-96DA09A088D0} = {97F116BE-0BA4-34CB-8177-96DA09A088D0}
	EndProjectSection
EndProject
Project("{8BC9CEB8-8B4A-11D0-8D11-00A0C91BC942}") = "30_Blur_And_Sobel", "Project 19-\30 Blur and Sobel\30_Blur_And_Sobel.vcxproj", "{827AB406-96CD-3069-9E49-8B92FE54590D}"
	ProjectSection(ProjectDependencies) = postProject
		{9DE5A669-D41D-343D-A0F1-13BB99394E9F} = {9DE5A669-D41D-343D-A0F1-13BB99394E9F}
		{4174838E-B5B8-3CEF-A5CE-6C611D2B848A} = {4174838E-B5B8-3CEF-A5CE-6C611D2B848A}
		{701B7B8C-78C3-3024-8D0E-F7E5C9203448} = {701B7B8C-78C3-3024-8D0E-F7E5C9203448}
		{8FB37132-3AC7-3BA4-B87A-F0CE144D9DF6} = {8FB37132-3AC7-3BA4-B87A-F0CE144D9DF6}
		{97F116BE-0BA4-34CB-8177-96DA09A088D0} = {97F116BE-0BA4-34CB-8177-96DA09A088D0}
	EndProjectSection
EndProject
Project("{8BC9CEB8-8B4A-11D0-8D11-00A0C91BC942}") = "31_Shadow_Mapping", "Project 19-\31 Shadow Mapping\31_Shadow_Mapping.vcxproj", "{7369FFA6-7D9A-3E0B-B5D0-C5F6EFA87BE6}"
	ProjectSection(ProjectDependencies) = postProject
		{9DE5A669-D41D-343D-A0F1-13BB99394E9F} = {9DE5A669-D41D-343D-A0F1-13BB99394E9F}
		{4174838E-B5B8-3CEF-A5CE-6C611D2B848A} = {4174838E-B5B8-3CEF-A5CE-6C611D2B848A}
		{701B7B8C-78C3-3024-8D0E-F7E5C9203448} = {701B7B8C-78C3-3024-8D0E-F7E5C9203448}
		{8FB37132-3AC7-3BA4-B87A-F0CE144D9DF6} = {8FB37132-3AC7-3BA4-B87A-F0CE144D9DF6}
		{97F116BE-0BA4-34CB-8177-96DA09A088D0} = {97F116BE-0BA4-34CB-8177-96DA09A088D0}
	EndProjectSection
EndProject
Project("{8BC9CEB8-8B4A-11D0-8D11-00A0C91BC942}") = "32_SSAO", "Project 19-\32 SSAO\32_SSAO.vcxproj", "{A0C8645F-339B-3421-9750-DC0AF14A6B00}"
	ProjectSection(ProjectDependencies) = postProject
		{9DE5A669-D41D-343D-A0F1-13BB99394E9F} = {9DE5A669-D41D-343D-A0F1-13BB99394E9F}
		{4174838E-B5B8-3CEF-A5CE-6C611D2B848A} = {4174838E-B5B8-3CEF-A5CE-6C611D2B848A}
		{701B7B8C-78C3-3024-8D0E-F7E5C9203448} = {701B7B8C-78C3-3024-8D0E-F7E5C9203448}
		{8FB37132-3AC7-3BA4-B87A-F0CE144D9DF6} = {8FB37132-3AC7-3BA4-B87A-F0CE144D9DF6}
		{97F116BE-0BA4-34CB-8177-96DA09A088D0} = {97F116BE-0BA4-34CB-8177-96DA09A088D0}
	EndProjectSection
EndProject
Project("{8BC9CEB8-8B4A-11D0-8D11-00A0C91BC942}") = "33_Tessellation", "Project 19-\33 Tessellation\33_Tessellation.vcxproj", "{7E0DD4E9-DD8D-399C-AE74-D8E9A8BE8B26}"
	ProjectSection(ProjectDependencies) = postProject
		{9DE5A669-D41D-343D-A0F1-13BB99394E9F} = {9DE5A669-D41D-343D-A0F1-13BB99394E9F}
		{4174838E-B5B8-3CEF-A5CE-6C611D2B848A} = {4174838E-B5B8-3CEF-A5CE-6C611D2B848A}
		{701B7B8C-78C3-3024-8D0E-F7E5C9203448} = {701B7B8C-78C3-3024-8D0E-F7E5C9203448}
		{8FB37132-3AC7-3BA4-B87A-F0CE144D9DF6} = {8FB37132-3AC7-3BA4-B87A-F0CE144D9DF6}
		{97F116BE-0BA4-34CB-8177-96DA09A088D0} = {97F116BE-0BA4-34CB-8177-96DA09A088D0}
	EndProjectSection
EndProject
Project("{8BC9CEB8-8B4A-11D0-8D11-00A0C91BC942}") = "34_Displacement_Mapping", "Project 19-\34 Displacement Mapping\34_Displacement_Mapping.vcxproj", "{9EEB3979-FB7D-301C-81A0-52F84929E9C2}"
	ProjectSection(ProjectDependencies) = postProject
		{9DE5A669-D41D-343D-A0F1-13BB99394E9F} = {9DE5A669-D41D-343D-A0F1-13BB99394E9F}
		{4174838E-B5B8-3CEF-A5CE-6C611D2B848A} = {4174838E-B5B8-3CEF-A5CE-6C611D2B848A}
		{701B7B8C-78C3-3024-8D0E-F7E5C9203448} = {701B7B8C-78C3-3024-8D0E-F7E5C9203448}
		{8FB37132-3AC7-3BA4-B87A-F0CE144D9DF6} = {8FB37132-3AC7-3BA4-B87A-F0CE144D9DF6}
		{97F116BE-0BA4-34CB-8177-96DA09A088D0} = {97F116BE-0BA4-34CB-8177-96DA09A088D0}
	EndProjectSection
EndProject
Project("{8BC9CEB8-8B4A-11D0-8D11-00A0C91BC942}") = "35_Particle_System", "Project 19-\35 Particle System\35_Particle_System.vcxproj", "{75962869-2B5B-3761-B6DF-8F971CAAEE78}"
	ProjectSection(ProjectDependencies) = postProject
		{9DE5A669-D41D-343D-A0F1-13BB99394E9F} = {9DE5A669-D41D-343D-A0F1-13BB99394E9F}
		{4174838E-B5B8-3CEF-A5CE-6C611D2B848A} = {4174838E-B5B8-3CEF-A5CE-6C611D2B848A}
		{701B7B8C-78C3-3024-8D0E-F7E5C9203448} = {701B7B8C-78C3-3024-8D0E-F7E5C9203448}
		{8FB37132-3AC7-3BA4-B87A-F0CE144D9DF6} = {8FB37132-3AC7-3BA4-B87A-F0CE144D9DF6}
		{97F116BE-0BA4-34CB-8177-96DA09A088D0} = {97F116BE-0BA4-34CB-8177-96DA09A088D0}
	EndProjectSection
EndProject
Project("{8BC9CEB8-8B4A-11D0-8D11-00A0C91BC942}") = "36_Deferred_Rendering", "Project 19-\36 Deferred Rendering\36_Deferred_Rendering.vcxproj", "{C92AA387-B1D8-330F-9FEF-0B2B36A36252}"
	ProjectSection(ProjectDependencies) = postProject
		{9DE5A669-D41D-343D-A0F1-13BB99394E9F} = {9DE5A669-D41D-343D-A0F1-13BB99394E9F}
		{4174838E-B5B8-3CEF-A5CE-6C611D2B848A} = {4174838E-B5B8-3CEF-A5CE-6C611D2B848A}
		{701B7B8C-78C3-3024-8D0E-F7E5C9203448} = {701B7B8C-78C3-3024-8D0E-F7E5C9203448}
		{8FB37132-3AC7-3BA4-B87A-F0CE144D9DF6} = {8FB37132-3AC7-3BA4-B87A-F0CE144D9DF6}
		{97F116BE-0BA4-34CB-8177-96DA09A088D0} = {97F116BE-0BA4-34CB-8177-96DA09A088D0}
	EndProjectSection
EndProject
Project("{8BC9CEB8-8B4A-11D0-8D11-00A0C91BC942}") = "37_Tile_Based_Deferred_Rendering", "Project 19-\37 Tile-Based Deferred Rendering\37_Tile_Based_Deferred_Rendering.vcxproj", "{86B563D9-9391-3327-9DE9-BAF3399D81A3}"
	ProjectSection(ProjectDependencies) = postProject
		{9DE5A669-D41D-343D-A0F1-13BB99394E9F} = {9DE5A669-D41D-343D-A0F1-13BB99394E9F}
		{4174838E-B5B8-3CEF-A5CE-6C611D2B848A} = {4174838E-B5B8-3CEF-A5CE-6C611D2B848A}
		{701B7B8C-78C3-3024-8D0E-F7E5C9203448} = {701B7B8C-78C3-3024-8D0E-F7E5C9203448}
		{8FB37132-3AC7-3BA4-B87A-F0CE144D9DF6} = {8FB37132-3AC7-3BA4-B87A-F0CE144D9DF6}
		{97F116BE-0BA4-34CB-8177-96DA09A088D0} = {97F116BE-0BA4-34CB-8177-96DA09A088D0}
	EndProjectSection
EndProject
Project("{8BC9CEB8-8B4A-11D0-8D11-00A0C91BC942}") = "38_Cascaded_Shadow_Mapping", "Project 19-\38 Cascaded Shadow Mapping\38_Cascaded_Shadow_Mapping.vcxproj", "{C100E702-9526-3998-8F18-8B1E4DE0B7BF}"
	ProjectSection(ProjectDependencies) = postProject
		{9DE5A669-D41D-343D-A0F1-13BB99394E9F} = {9DE5A669-D41D-343D-A0F1-13BB99394E9F}
		{4174838E-B5B8-3CEF-A5CE-6C611D2B848A} = {4174838E-B5B8-3CEF-A5CE-6C611D2B848A}
		{701B7B8C-78C3-3024-8D0E-F7E5C9203448} = {701B7B8C-78C3-3024-8D0E-F7E5C9203448}
		{8FB37132-3AC7-3BA4-B87A-F0CE144D9DF6} = {8FB37132-3AC7-3BA4-B87A-F0CE144D9DF6}
		{97F116BE-0BA4-34CB-8177-96DA09A088D0} = {97F116BE-0BA4-34CB-8177-96DA09A088D0}
	EndProjectSection
EndProject
Project("{8BC9CEB8-8B4A-11D0-8D11-00A0C91BC942}") = "39_VSM_and_ESM", "Project 19-\39 VSM and ESM\39_VSM_and_ESM.vcxproj", "{679B63E5-B9B3-31F5-9509-CA89B4DA294E}"
	ProjectSection(ProjectDependencies) = postProject
		{9DE5A669-D41D-343D-A0F1-13BB99394E9F} = {9DE5A669-D41D-343D-A0F1-13BB99394E9F}
		{4174838E-B5B8-3CEF-A5CE-6C611D2B848A} = {4174838E-B5B8-3CEF-A5CE-6C611D2B848A}
		{701B7B8C-78C3-3024-8D0E-F7E5C9203448} = {701B7B8C-78C3-3024-8D0E-F7E5C9203448}
		{8FB37132-3AC7-3BA4-B87A-F0CE144D9DF6} = {8FB37132-3AC7-3BA4-B87A-F0CE144D9DF6}
		{97F116BE-0BA4-34CB-8177-96DA09A088D0} = {97F116BE-0BA4-34CB-8177-96DA09A088D0}
	EndProjectSection
EndProject
Project("{8BC9CEB8-8B4A-11D0-8D11-00A0C91BC942}") = "40_FXAA", "Project 19-\40 FXAA\40_FXAA.vcxproj", "{1147B888-2FAF-3D8F-A8E0-277E63136A96}"
	ProjectSection(ProjectDependencies) = postProject
		{9DE5A669-D41D-343D-A0F1-13BB99394E9F} = {9DE5A669-D41D-343D-A0F1-13BB99394E9F}
		{4174838E-B5B8-3CEF-A5CE-6C611D2B848A} = {4174838E-B5B8-3CEF-A5CE-6C611D2B848A}
		{701B7B8C-78C3-3024-8D0E-F7E5C9203448} = {701B7B8C-78C3-3024-8D0E-F7E5C9203448}
		{8FB37132-3AC7-3BA4-B87A-F0CE144D9DF6} = {8FB37132-3AC7-3BA4-B87A-F0CE144D9DF6}
		{97F116BE-0BA4-34CB-8177-96DA09A088D0} = {97F116BE-0BA4-34CB-8177-96DA09A088D0}
	EndProjectSection
EndProject
Project("{8BC9CEB8-8B4A-11D0-8D11-00A0C91BC942}") = "Common", "Project 19-\Common\Common.vcxproj", "{9DE5A669-D41D-343D-A0F1-13BB99394E9F}"
	ProjectSection(ProjectDependencies) = postProject
		{4174838E-B5B8-3CEF-A5CE-6C611D2B848A} = {4174838E-B5B8-3CEF-A5CE-6C611D2B848A}
		{701B7B8C-78C3-3024-8D0E-F7E5C9203448} = {701B7B8C-78C3-3024-8D0E-F7E5C9203448}
		{8FB37132-3AC7-3BA4-B87A-F0CE144D9DF6} = {8FB37132-3AC7-3BA4-B87A-F0CE144D9DF6}
		{97F116BE-0BA4-34CB-8177-96DA09A088D0} = {97F116BE-0BA4-34CB-8177-96DA09A088D0}
	EndProjectSection
EndProject
Project("{8BC9CEB8-8B4A-11D0-8D11-00A0C91BC942}") = "INSTALL", "INSTALL.vcxproj", "{4A78A5DA-A2E8-3ADC-B161-A2CE4F41AE12}"
	ProjectSection(ProjectDependencies) = postProject
		{49221378-2108-38F5-80EE-19BF3EDFDF2C} = {49221378-2108-38F5-80EE-19BF3EDFDF2C}
		{701B7B8C-78C3-3024-8D0E-F7E5C9203448} = {701B7B8C-78C3-3024-8D0E-F7E5C9203448}
	EndProjectSection
EndProject
Project("{8BC9CEB8-8B4A-11D0-8D11-00A0C91BC942}") = "ImGui", "ImGui\ImGui.vcxproj", "{4174838E-B5B8-3CEF-A5CE-6C611D2B848A}"
	ProjectSection(ProjectDependencies) = postProject
		{701B7B8C-78C3-3024-8D0E-F7E5C9203448} = {701B7B8C-78C3-3024-8D0E-F7E5C9203448}
	EndProjectSection
EndProject
Project("{8BC9CEB8-8B4A-11D0-8D11-00A0C91BC942}") = "Mouse_and_Keyboard", "Project Archive\Mouse and Keyboard\Mouse_and_Keyboard.vcxproj", "{7AB03ED8-6B50-333F-A643-296D2F23CF68}"
	ProjectSection(ProjectDependencies) = postProject
		{701B7B8C-78C3-3024-8D0E-F7E5C9203448} = {701B7B8C-78C3-3024-8D0E-F7E5C9203448}
	EndProjectSection
EndProject
Project("{8BC9CEB8-8B4A-11D0-8D11-00A0C91BC942}") = "UpdateAssimpLibsDebugSymbolsAndDLLs", "assimp\UpdateAssimpLibsDebugSymbolsAndDLLs.vcxproj", "{C83EB1B7-3B64-3581-AD94-FC612F7BEA56}"
	ProjectSection(ProjectDependencies) = postProject
		{701B7B8C-78C3-3024-8D0E-F7E5C9203448} = {701B7B8C-78C3-3024-8D0E-F7E5C9203448}
	EndProjectSection
EndProject
Project("{8BC9CEB8-8B4A-11D0-8D11-00A0C91BC942}") = "ZERO_CHECK", "ZERO_CHECK.vcxproj", "{701B7B8C-78C3-3024-8D0E-F7E5C9203448}"
	ProjectSection(ProjectDependencies) = postProject
	EndProjectSection
EndProject
Project("{8BC9CEB8-8B4A-11D0-8D11-00A0C91BC942}") = "assimp", "assimp\code\assimp.vcxproj", "{8FB37132-3AC7-3BA4-B87A-F0CE144D9DF6}"
	ProjectSection(ProjectDependencies) = postProject
		{701B7B8C-78C3-3024-8D0E-F7E5C9203448} = {701B7B8C-78C3-3024-8D0E-F7E5C9203448}
		{97F116BE-0BA4-34CB-8177-96DA09A088D0} = {97F116BE-0BA4-34CB-8177-96DA09A088D0}
	EndProjectSection
EndProject
Project("{8BC9CEB8-8B4A-11D0-8D11-00A0C91BC942}") = "zlibstatic", "assimp\contrib\zlib\zlibstatic.vcxproj", "{97F116BE-0BA4-34CB-8177-96DA09A088D0}"
	ProjectSection(ProjectDependencies) = postProject
		{701B7B8C-78C3-3024-8D0E-F7E5C9203448} = {701B7B8C-78C3-3024-8D0E-F7E5C9203448}
	EndProjectSection
EndProject
Global
	GlobalSection(SolutionConfigurationPlatforms) = preSolution
		Debug|x64 = Debug|x64
		Release|x64 = Release|x64
	EndGlobalSection
	GlobalSection(ProjectConfigurationPlatforms) = postSolution
		{49221378-2108-38F5-80EE-19BF3EDFDF2C}.Debug|x64.ActiveCfg = Debug|x64
		{49221378-2108-38F5-80EE-19BF3EDFDF2C}.Debug|x64.Build.0 = Debug|x64
		{49221378-2108-38F5-80EE-19BF3EDFDF2C}.Release|x64.ActiveCfg = Release|x64
		{49221378-2108-38F5-80EE-19BF3EDFDF2C}.Release|x64.Build.0 = Release|x64
		{E1C99C33-9ED4-3A5C-A4CE-F7889FACB383}.Debug|x64.ActiveCfg = Debug|x64
		{E1C99C33-9ED4-3A5C-A4CE-F7889FACB383}.Debug|x64.Build.0 = Debug|x64
		{E1C99C33-9ED4-3A5C-A4CE-F7889FACB383}.Release|x64.ActiveCfg = Release|x64
		{E1C99C33-9ED4-3A5C-A4CE-F7889FACB383}.Release|x64.Build.0 = Release|x64
		{BA9C3663-9B07-3E03-B880-2C1D9CAF9478}.Debug|x64.ActiveCfg = Debug|x64
		{BA9C3663-9B07-3E03-B880-2C1D9CAF9478}.Debug|x64.Build.0 = Debug|x64
		{BA9C3663-9B07-3E03-B880-2C1D9CAF9478}.Release|x64.ActiveCfg = Release|x64
		{BA9C3663-9B07-3E03-B880-2C1D9CAF9478}.Release|x64.Build.0 = Release|x64
		{A38AC27A-6DEB-32BC-9BA7-54B48A1D2830}.Debug|x64.ActiveCfg = Debug|x64
		{A38AC27A-6DEB-32BC-9BA7-54B48A1D2830}.Debug|x64.Build.0 = Debug|x64
		{A38AC27A-6DEB-32BC-9BA7-54B48A1D2830}.Release|x64.ActiveCfg = Release|x64
		{A38AC27A-6DEB-32BC-9BA7-54B48A1D2830}.Release|x64.Build.0 = Release|x64
		{1BAA426B-DDF9-381C-82AF-2B4EE365433B}.Debug|x64.ActiveCfg = Debug|x64
		{1BAA426B-DDF9-381C-82AF-2B4EE365433B}.Debug|x64.Build.0 = Debug|x64
		{1BAA426B-DDF9-381C-82AF-2B4EE365433B}.Release|x64.ActiveCfg = Release|x64
		{1BAA426B-DDF9-381C-82AF-2B4EE365433B}.Release|x64.Build.0 = Release|x64
		{188658FC-EB27-39F7-8F78-457221426640}.Debug|x64.ActiveCfg = Debug|x64
		{188658FC-EB27-39F7-8F78-457221426640}.Debug|x64.Build.0 = Debug|x64
		{188658FC-EB27-39F7-8F78-457221426640}.Release|x64.ActiveCfg = Release|x64
		{188658FC-EB27-39F7-8F78-457221426640}.Release|x64.Build.0 = Release|x64
		{6392B425-A52A-313A-977F-EB08A22B0C25}.Debug|x64.ActiveCfg = Debug|x64
		{6392B425-A52A-313A-977F-EB08A22B0C25}.Debug|x64.Build.0 = Debug|x64
		{6392B425-A52A-313A-977F-EB08A22B0C25}.Release|x64.ActiveCfg = Release|x64
		{6392B425-A52A-313A-977F-EB08A22B0C25}.Release|x64.Build.0 = Release|x64
		{7EED1C4C-E386-33BE-A1C8-077930611E47}.Debug|x64.ActiveCfg = Debug|x64
		{7EED1C4C-E386-33BE-A1C8-077930611E47}.Debug|x64.Build.0 = Debug|x64
		{7EED1C4C-E386-33BE-A1C8-077930611E47}.Release|x64.ActiveCfg = Release|x64
		{7EED1C4C-E386-33BE-A1C8-077930611E47}.Release|x64.Build.0 = Release|x64
		{D9F4AF9B-E0A1-3E4E-8090-86CCE83A9BA2}.Debug|x64.ActiveCfg = Debug|x64
		{D9F4AF9B-E0A1-3E4E-8090-86CCE83A9BA2}.Debug|x64.Build.0 = Debug|x64
		{D9F4AF9B-E0A1-3E4E-8090-86CCE83A9BA2}.Release|x64.ActiveCfg = Release|x64
		{D9F4AF9B-E0A1-3E4E-8090-86CCE83A9BA2}.Release|x64.Build.0 = Release|x64
		{8B4CCDA1-3680-3742-89DE-261AE4B10EF3}.Debug|x64.ActiveCfg = Debug|x64
		{8B4CCDA1-3680-3742-89DE-261AE4B10EF3}.Debug|x64.Build.0 = Debug|x64
		{8B4CCDA1-3680-3742-89DE-261AE4B10EF3}.Release|x64.ActiveCfg = Release|x64
		{8B4CCDA1-3680-3742-89DE-261AE4B10EF3}.Release|x64.Build.0 = Release|x64
		{A74F4902-E9A7-32CA-9308-F884A9DB743C}.Debug|x64.ActiveCfg = Debug|x64
		{A74F4902-E9A7-32CA-9308-F884A9DB743C}.Debug|x64.Build.0 = Debug|x64
		{A74F4902-E9A7-32CA-9308-F884A9DB743C}.Release|x64.ActiveCfg = Release|x64
		{A74F4902-E9A7-32CA-9308-F884A9DB743C}.Release|x64.Build.0 = Release|x64
		{3EEE4C6E-39E5-32C1-B268-8DB8B5422A60}.Debug|x64.ActiveCfg = Debug|x64
		{3EEE4C6E-39E5-32C1-B268-8DB8B5422A60}.Debug|x64.Build.0 = Debug|x64
		{3EEE4C6E-39E5-32C1-B268-8DB8B5422A60}.Release|x64.ActiveCfg = Release|x64
		{3EEE4C6E-39E5-32C1-B268-8DB8B5422A60}.Release|x64.Build.0 = Release|x64
		{45A9DC32-8425-3194-A294-5130A696B270}.Debug|x64.ActiveCfg = Debug|x64
		{45A9DC32-8425-3194-A294-5130A696B270}.Debug|x64.Build.0 = Debug|x64
		{45A9DC32-8425-3194-A294-5130A696B270}.Release|x64.ActiveCfg = Release|x64
		{45A9DC32-8425-3194-A294-5130A696B270}.Release|x64.Build.0 = Release|x64
		{AE92B7F6-CD69-3484-91E6-9498760A1E39}.Debug|x64.ActiveCfg = Debug|x64
		{AE92B7F6-CD69-3484-91E6-9498760A1E39}.Debug|x64.Build.0 = Debug|x64
		{AE92B7F6-CD69-3484-91E6-9498760A1E39}.Release|x64.ActiveCfg = Release|x64
		{AE92B7F6-CD69-3484-91E6-9498760A1E39}.Release|x64.Build.0 = Release|x64
		{8CB95B1C-408E-302E-AB1E-41557FCB252F}.Debug|x64.ActiveCfg = Debug|x64
		{8CB95B1C-408E-302E-AB1E-41557FCB252F}.Debug|x64.Build.0 = Debug|x64
		{8CB95B1C-408E-302E-AB1E-41557FCB252F}.Release|x64.ActiveCfg = Release|x64
		{8CB95B1C-408E-302E-AB1E-41557FCB252F}.Release|x64.Build.0 = Release|x64
		{DF325DE5-BE02-3316-903F-32220DBA6459}.Debug|x64.ActiveCfg = Debug|x64
		{DF325DE5-BE02-3316-903F-32220DBA6459}.Debug|x64.Build.0 = Debug|x64
		{DF325DE5-BE02-3316-903F-32220DBA6459}.Release|x64.ActiveCfg = Release|x64
		{DF325DE5-BE02-3316-903F-32220DBA6459}.Release|x64.Build.0 = Release|x64
		{C2CDDCE4-52D7-3C88-9EEB-2C92F68E75DA}.Debug|x64.ActiveCfg = Debug|x64
		{C2CDDCE4-52D7-3C88-9EEB-2C92F68E75DA}.Debug|x64.Build.0 = Debug|x64
		{C2CDDCE4-52D7-3C88-9EEB-2C92F68E75DA}.Release|x64.ActiveCfg = Release|x64
		{C2CDDCE4-52D7-3C88-9EEB-2C92F68E75DA}.Release|x64.Build.0 = Release|x64
		{07340B1E-F59C-3B8B-BAC2-C2AB7EB7A687}.Debug|x64.ActiveCfg = Debug|x64
		{07340B1E-F59C-3B8B-BAC2-C2AB7EB7A687}.Debug|x64.Build.0 = Debug|x64
		{07340B1E-F59C-3B8B-BAC2-C2AB7EB7A687}.Release|x64.ActiveCfg = Release|x64
		{07340B1E-F59C-3B8B-BAC2-C2AB7EB7A687}.Release|x64.Build.0 = Release|x64
		{13642216-4375-3C5B-92D5-3F74117369BF}.Debug|x64.ActiveCfg = Debug|x64
		{13642216-4375-3C5B-92D5-3F74117369BF}.Debug|x64.Build.0 = Debug|x64
		{13642216-4375-3C5B-92D5-3F74117369BF}.Release|x64.ActiveCfg = Release|x64
		{13642216-4375-3C5B-92D5-3F74117369BF}.Release|x64.Build.0 = Release|x64
		{DAFB5D49-226F-3F88-B66E-9A0CBCF7E5CF}.Debug|x64.ActiveCfg = Debug|x64
		{DAFB5D49-226F-3F88-B66E-9A0CBCF7E5CF}.Debug|x64.Build.0 = Debug|x64
		{DAFB5D49-226F-3F88-B66E-9A0CBCF7E5CF}.Release|x64.ActiveCfg = Release|x64
		{DAFB5D49-226F-3F88-B66E-9A0CBCF7E5CF}.Release|x64.Build.0 = Release|x64
		{A0D83473-50F4-380A-8ACE-311D947F5222}.Debug|x64.ActiveCfg = Debug|x64
		{A0D83473-50F4-380A-8ACE-311D947F5222}.Debug|x64.Build.0 = Debug|x64
		{A0D83473-50F4-380A-8ACE-311D947F5222}.Release|x64.ActiveCfg = Release|x64
		{A0D83473-50F4-380A-8ACE-311D947F5222}.Release|x64.Build.0 = Release|x64
		{06E60A33-1377-3EF3-A011-CB613586BAC2}.Debug|x64.ActiveCfg = Debug|x64
		{06E60A33-1377-3EF3-A011-CB613586BAC2}.Debug|x64.Build.0 = Debug|x64
		{06E60A33-1377-3EF3-A011-CB613586BAC2}.Release|x64.ActiveCfg = Release|x64
		{06E60A33-1377-3EF3-A011-CB613586BAC2}.Release|x64.Build.0 = Release|x64
		{8A124647-9123-3BED-8CF4-7F7B7402EB24}.Debug|x64.ActiveCfg = Debug|x64
		{8A124647-9123-3BED-8CF4-7F7B7402EB24}.Debug|x64.Build.0 = Debug|x64
		{8A124647-9123-3BED-8CF4-7F7B7402EB24}.Release|x64.ActiveCfg = Release|x64
		{8A124647-9123-3BED-8CF4-7F7B7402EB24}.Release|x64.Build.0 = Release|x64
		{0623F4C9-DD25-3596-8D45-2E2A5D0D8777}.Debug|x64.ActiveCfg = Debug|x64
		{0623F4C9-DD25-3596-8D45-2E2A5D0D8777}.Debug|x64.Build.0 = Debug|x64
		{0623F4C9-DD25-3596-8D45-2E2A5D0D8777}.Release|x64.ActiveCfg = Release|x64
		{0623F4C9-DD25-3596-8D45-2E2A5D0D8777}.Release|x64.Build.0 = Release|x64
		{0E547D0B-CB96-3D4C-8294-596FC54534BA}.Debug|x64.ActiveCfg = Debug|x64
		{0E547D0B-CB96-3D4C-8294-596FC54534BA}.Debug|x64.Build.0 = Debug|x64
		{0E547D0B-CB96-3D4C-8294-596FC54534BA}.Release|x64.ActiveCfg = Release|x64
		{0E547D0B-CB96-3D4C-8294-596FC54534BA}.Release|x64.Build.0 = Release|x64
		{AEA80A4A-568E-36BB-88B2-0EF1CB1FD99C}.Debug|x64.ActiveCfg = Debug|x64
		{AEA80A4A-568E-36BB-88B2-0EF1CB1FD99C}.Debug|x64.Build.0 = Debug|x64
		{AEA80A4A-568E-36BB-88B2-0EF1CB1FD99C}.Release|x64.ActiveCfg = Release|x64
		{AEA80A4A-568E-36BB-88B2-0EF1CB1FD99C}.Release|x64.Build.0 = Release|x64
		{727160A8-0722-37DC-98F2-D00B67B0150B}.Debug|x64.ActiveCfg = Debug|x64
		{727160A8-0722-37DC-98F2-D00B67B0150B}.Debug|x64.Build.0 = Debug|x64
		{727160A8-0722-37DC-98F2-D00B67B0150B}.Release|x64.ActiveCfg = Release|x64
		{727160A8-0722-37DC-98F2-D00B67B0150B}.Release|x64.Build.0 = Release|x64
		{827AB406-96CD-3069-9E49-8B92FE54590D}.Debug|x64.ActiveCfg = Debug|x64
		{827AB406-96CD-3069-9E49-8B92FE54590D}.Debug|x64.Build.0 = Debug|x64
		{827AB406-96CD-3069-9E49-8B92FE54590D}.Release|x64.ActiveCfg = Release|x64
		{827AB406-96CD-3069-9E49-8B92FE54590D}.Release|x64.Build.0 = Release|x64
		{7369FFA6-7D9A-3E0B-B5D0-C5F6EFA87BE6}.Debug|x64.ActiveCfg = Debug|x64
		{7369FFA6-7D9A-3E0B-B5D0-C5F6EFA87BE6}.Debug|x64.Build.0 = Debug|x64
		{7369FFA6-7D9A-3E0B-B5D0-C5F6EFA87BE6}.Release|x64.ActiveCfg = Release|x64
		{7369FFA6-7D9A-3E0B-B5D0-C5F6EFA87BE6}.Release|x64.Build.0 = Release|x64
		{A0C8645F-339B-3421-9750-DC0AF14A6B00}.Debug|x64.ActiveCfg = Debug|x64
		{A0C8645F-339B-3421-9750-DC0AF14A6B00}.Debug|x64.Build.0 = Debug|x64
		{A0C8645F-339B-3421-9750-DC0AF14A6B00}.Release|x64.ActiveCfg = Release|x64
		{A0C8645F-339B-3421-9750-DC0AF14A6B00}.Release|x64.Build.0 = Release|x64
		{7E0DD4E9-DD8D-399C-AE74-D8E9A8BE8B26}.Debug|x64.ActiveCfg = Debug|x64
		{7E0DD4E9-DD8D-399C-AE74-D8E9A8BE8B26}.Debug|x64.Build.0 = Debug|x64
		{7E0DD4E9-DD8D-399C-AE74-D8E9A8BE8B26}.Release|x64.ActiveCfg = Release|x64
		{7E0DD4E9-DD8D-399C-AE74-D8E9A8BE8B26}.Release|x64.Build.0 = Release|x64
		{9EEB3979-FB7D-301C-81A0-52F84929E9C2}.Debug|x64.ActiveCfg = Debug|x64
		{9EEB3979-FB7D-301C-81A0-52F84929E9C2}.Debug|x64.Build.0 = Debug|x64
		{9EEB3979-FB7D-301C-81A0-52F84929E9C2}.Release|x64.ActiveCfg = Release|x64
		{9EEB3979-FB7D-301C-81A0-52F84929E9C2}.Release|x64.Build.0 = Release|x64
		{75962869-2B5B-3761-B6DF-8F971CAAEE78}.Debug|x64.ActiveCfg = Debug|x64
		{75962869-2B5B-3761-B6DF-8F971CAAEE78}.Debug|x64.Build.0 = Debug|x64
		{75962869-2B5B-3761-B6DF-8F971CAAEE78}.Release|x64.ActiveCfg = Release|x64
		{75962869-2B5B-3761-B6DF-8F971CAAEE78}.Release|x64.Build.0 = Release|x64
		{C92AA387-B1D8-330F-9FEF-0B2B36A36252}.Debug|x64.ActiveCfg = Debug|x64
		{C92AA387-B1D8-330F-9FEF-0B2B36A36252}.Debug|x64.Build.0 = Debug|x64
		{C92AA387-B1D8-330F-9FEF-0B2B36A36252}.Release|x64.ActiveCfg = Release|x64
		{C92AA387-B1D8-330F-9FEF-0B2B36A36252}.Release|x64.Build.0 = Release|x64
		{86B563D9-9391-3327-9DE9-BAF3399D81A3}.Debug|x64.ActiveCfg = Debug|x64
		{86B563D9-9391-3327-9DE9-BAF3399D81A3}.Debug|x64.Build.0 = Debug|x64
		{86B563D9-9391-3327-9DE9-BAF3399D81A3}.Release|x64.ActiveCfg = Release|x64
		{86B563D9-9391-3327-9DE9-BAF3399D81A3}.Release|x64.Build.0 = Release|x64
		{C100E702-9526-3998-8F18-8B1E4DE0B7BF}.Debug|x64.ActiveCfg = Debug|x64
		{C100E702-9526-3998-8F18-8B1E4DE0B7BF}.Debug|x64.Build.0 = Debug|x64
		{C100E702-9526-3998-8F18-8B1E4DE0B7BF}.Release|x64.ActiveCfg = Release|x64
		{C100E702-9526-3998-8F18-8B1E4DE0B7BF}.Release|x64.Build.0 = Release|x64
		{679B63E5-B9B3-31F5-9509-CA89B4DA294E}.Debug|x64.ActiveCfg = Debug|x64
		{679B63E5-B9B3-31F5-9509-CA89B4DA294E}.Debug|x64.Build.0 = Debug|x64
		{679B63E5-B9B3-31F5-9509-CA89B4DA294E}.Release|x64.ActiveCfg = Release|x64
		{679B63E5-B9B3-31F5-9509-CA89B4DA294E}.Release|x64.Build.0 = Release|x64
		{1147B888-2FAF-3D8F-A8E0-277E63136A96}.Debug|x64.ActiveCfg = Debug|x64
		{1147B888-2FAF-3D8F-A8E0-277E63136A96}.Debug|x64.Build.0 = Debug|x64
		{1147B888-2FAF-3D8F-A8E0-277E63136A96}.Release|x64.ActiveCfg = Release|x64
		{1147B888-2FAF-3D8F-A8E0-277E63136A96}.Release|x64.Build.0 = Release|x64
		{9DE5A669-D41D-343D-A0F1-13BB99394E9F}.Debug|x64.ActiveCfg = Debug|x64
		{9DE5A669-D41D-343D-A0F1-13BB99394E9F}.Debug|x64.Build.0 = Debug|x64
		{9DE5A669-D41D-343D-A0F1-13BB99394E9F}.Release|x64.ActiveCfg = Release|x64
		{9DE5A669-D41D-343D-A0F1-13BB99394E9F}.Release|x64.Build.0 = Release|x64
		{4A78A5DA-A2E8-3ADC-B161-A2CE4F41AE12}.Debug|x64.ActiveCfg = Debug|x64
		{4A78A5DA-A2E8-3ADC-B161-A2CE4F41AE12}.Release|x64.ActiveCfg = Release|x64
		{4174838E-B5B8-3CEF-A5CE-6C611D2B848A}.Debug|x64.ActiveCfg = Debug|x64
		{4174838E-B5B8-3CEF-A5CE-6C611D2B848A}.Debug|x64.Build.0 = Debug|x64
		{4174838E-B5B8-3CEF-A5CE-6C611D2B848A}.Release|x64.ActiveCfg = Release|x64
		{4174838E-B5B8-3CEF-A5CE-6C611D2B848A}.Release|x64.Build.0 = Release|x64
		{7AB03ED8-6B50-333F-A643-296D2F23CF68}.Debug|x64.ActiveCfg = Debug|x64
		{7AB03ED8-6B50-333F-A643-296D2F23CF68}.Debug|x64.Build.0 = Debug|x64
		{7AB03ED8-6B50-333F-A643-296D2F23CF68}.Release|x64.ActiveCfg = Release|x64
		{7AB03ED8-6B50-333F-A643-296D2F23CF68}.Release|x64.Build.0 = Release|x64
		{C83EB1B7-3B64-3581-AD94-FC612F7BEA56}.Debug|x64.ActiveCfg = Debug|x64
		{C83EB1B7-3B64-3581-AD94-FC612F7BEA56}.Release|x64.ActiveCfg = Release|x64
		{701B7B8C-78C3-3024-8D0E-F7E5C9203448}.Debug|x64.ActiveCfg = Debug|x64
		{701B7B8C-78C3-3024-8D0E-F7E5C9203448}.Debug|x64.Build.0 = Debug|x64
		{701B7B8C-78C3-3024-8D0E-F7E5C9203448}.Release|x64.ActiveCfg = Release|x64
		{701B7B8C-78C3-3024-8D0E-F7E5C9203448}.Release|x64.Build.0 = Release|x64
		{8FB37132-3AC7-3BA4-B87A-F0CE144D9DF6}.Debug|x64.ActiveCfg = Debug|x64
		{8FB37132-3AC7-3BA4-B87A-F0CE144D9DF6}.Debug|x64.Build.0 = Debug|x64
		{8FB37132-3AC7-3BA4-B87A-F0CE144D9DF6}.Release|x64.ActiveCfg = Release|x64
		{8FB37132-3AC7-3BA4-B87A-F0CE144D9DF6}.Release|x64.Build.0 = Release|x64
		{97F116BE-0BA4-34CB-8177-96DA09A088D0}.Debug|x64.ActiveCfg = Debug|x64
		{97F116BE-0BA4-34CB-8177-96DA09A088D0}.Debug|x64.Build.0 = Debug|x64
		{97F116BE-0BA4-34CB-8177-96DA09A088D0}.Release|x64.ActiveCfg = Release|x64
		{97F116BE-0BA4-34CB-8177-96DA09A088D0}.Release|x64.Build.0 = Release|x64
	EndGlobalSection
	GlobalSection(NestedProjects) = preSolution
		{C83EB1B7-3B64-3581-AD94-FC612F7BEA56} = {04006D62-0F82-3D80-AFAF-B72DC3E564BE}
		{8FB37132-3AC7-3BA4-B87A-F0CE144D9DF6} = {04006D62-0F82-3D80-AFAF-B72DC3E564BE}
		{97F116BE-0BA4-34CB-8177-96DA09A088D0} = {04006D62-0F82-3D80-AFAF-B72DC3E564BE}
		{49221378-2108-38F5-80EE-19BF3EDFDF2C} = {EFE7C29E-6E08-30FC-9837-B8B401916C2E}
		{4A78A5DA-A2E8-3ADC-B161-A2CE4F41AE12} = {EFE7C29E-6E08-30FC-9837-B8B401916C2E}
		{701B7B8C-78C3-3024-8D0E-F7E5C9203448} = {EFE7C29E-6E08-30FC-9837-B8B401916C2E}
		{4174838E-B5B8-3CEF-A5CE-6C611D2B848A} = {A906034E-FEF4-34D1-9EC5-A676F6A39AAB}
		{E1C99C33-9ED4-3A5C-A4CE-F7889FACB383} = {7EAE174E-6242-3C80-B1A9-113CE0104359}
		{BA9C3663-9B07-3E03-B880-2C1D9CAF9478} = {7EAE174E-6242-3C80-B1A9-113CE0104359}
		{A38AC27A-6DEB-32BC-9BA7-54B48A1D2830} = {7EAE174E-6242-3C80-B1A9-113CE0104359}
		{1BAA426B-DDF9-381C-82AF-2B4EE365433B} = {7EAE174E-6242-3C80-B1A9-113CE0104359}
		{188658FC-EB27-39F7-8F78-457221426640} = {7EAE174E-6242-3C80-B1A9-113CE0104359}
		{6392B425-A52A-313A-977F-EB08A22B0C25} = {7EAE174E-6242-3C80-B1A9-113CE0104359}
		{7EED1C4C-E386-33BE-A1C8-077930611E47} = {7EAE174E-6242-3C80-B1A9-113CE0104359}
		{D9F4AF9B-E0A1-3E4E-8090-86CCE83A9BA2} = {F1DE3566-026C-31BA-9245-2421CDCF23E7}
		{8B4CCDA1-3680-3742-89DE-261AE4B10EF3} = {F1DE3566-026C-31BA-9245-2421CDCF23E7}
		{A74F4902-E9A7-32CA-9308-F884A9DB743C} = {F1DE3566-026C-31BA-9245-2421CDCF23E7}
		{3EEE4C6E-39E5-32C1-B268-8DB8B5422A60} = {F1DE3566-026C-31BA-9245-2421CDCF23E7}
		{45A9DC32-8425-3194-A294-5130A696B270} = {F1DE3566-026C-31BA-9245-2421CDCF23E7}
		{AE92B7F6-CD69-3484-91E6-9498760A1E39} = {F1DE3566-026C-31BA-9245-2421CDCF23E7}
		{8CB95B1C-408E-302E-AB1E-41557FCB252F} = {F1DE3566-026C-31BA-9245-2421CDCF23E7}
		{DF325DE5-BE02-3316-903F-32220DBA6459} = {F1DE3566-026C-31BA-9245-2421CDCF23E7}
		{C2CDDCE4-52D7-3C88-9EEB-2C92F68E75DA} = {95B1181E-65A9-35A6-80F5-0FA9AC329786}
		{07340B1E-F59C-3B8B-BAC2-C2AB7EB7A687} = {95B1181E-65A9-35A6-80F5-0FA9AC329786}
		{13642216-4375-3C5B-92D5-3F74117369BF} = {95B1181E-65A9-35A6-80F5-0FA9AC329786}
		{DAFB5D49-226F-3F88-B66E-9A0CBCF7E5CF} = {95B1181E-65A9-35A6-80F5-0FA9AC329786}
		{A0D83473-50F4-380A-8ACE-311D947F5222} = {95B1181E-65A9-35A6-80F5-0FA9AC329786}
		{06E60A33-1377-3EF3-A011-CB613586BAC2} = {95B1181E-65A9-35A6-80F5-0FA9AC329786}
		{8A124647-9123-3BED-8CF4-7F7B7402EB24} = {95B1181E-65A9-35A6-80F5-0FA9AC329786}
		{0623F4C9-DD25-3596-8D45-2E2A5D0D8777} = {95B1181E-65A9-35A6-80F5-0FA9AC329786}
		{0E547D0B-CB96-3D4C-8294-596FC54534BA} = {95B1181E-65A9-35A6-80F5-0FA9AC329786}
		{AEA80A4A-568E-36BB-88B2-0EF1CB1FD99C} = {95B1181E-65A9-35A6-80F5-0FA9AC329786}
		{727160A8-0722-37DC-98F2-D00B67B0150B} = {95B1181E-65A9-35A6-80F5-0FA9AC329786}
		{827AB406-96CD-3069-9E49-8B92FE54590D} = {95B1181E-65A9-35A6-80F5-0FA9AC329786}
		{7369FFA6-7D9A-3E0B-B5D0-C5F6EFA87BE6} = {95B1181E-65A9-35A6-80F5-0FA9AC329786}
		{A0C8645F-339B-3421-9750-DC0AF14A6B00} = {95B1181E-65A9-35A6-80F5-0FA9AC329786}
		{7E0DD4E9-DD8D-399C-AE74-D8E9A8BE8B26} = {95B1181E-65A9-35A6-80F5-0FA9AC329786}
		{9EEB3979-FB7D-301C-81A0-52F84929E9C2} = {95B1181E-65A9-35A6-80F5-0FA9AC329786}
		{75962869-2B5B-3761-B6DF-8F971CAAEE78} = {95B1181E-65A9-35A6-80F5-0FA9AC329786}
		{C92AA387-B1D8-330F-9FEF-0B2B36A36252} = {95B1181E-65A9-35A6-80F5-0FA9AC329786}
		{86B563D9-9391-3327-9DE9-BAF3399D81A3} = {95B1181E-65A9-35A6-80F5-0FA9AC329786}
		{C100E702-9526-3998-8F18-8B1E4DE0B7BF} = {95B1181E-65A9-35A6-80F5-0FA9AC329786}
		{679B63E5-B9B3-31F5-9509-CA89B4DA294E} = {95B1181E-65A9-35A6-80F5-0FA9AC329786}
		{1147B888-2FAF-3D8F-A8E0-277E63136A96} = {95B1181E-65A9-35A6-80F5-0FA9AC329786}
		{9DE5A669-D41D-343D-A0F1-13BB99394E9F} = {95B1181E-65A9-35A6-80F5-0FA9AC329786}
		{7AB03ED8-6B50-333F-A643-296D2F23CF68} = {C4EA0D9B-201B-337E-935E-D67053CAC315}
	EndGlobalSection
	GlobalSection(ExtensibilityGlobals) = postSolution
		SolutionGuid = {912D5F6F-E1BD-3920-B6C3-A0B14C3E3271}
	EndGlobalSection
	GlobalSection(ExtensibilityAddIns) = postSolution
	EndGlobalSection
EndGlobal
