<?xml version="1.0" encoding="utf-8"?>
<Project ToolsVersion="17.0" xmlns="http://schemas.microsoft.com/developer/msbuild/2003">
  <ItemGroup>
    <CustomBuild Include="C:\Users\DoubleT\source\repos2\DirectX11-With-Windows-SDK-master\CMakeFiles\6658836c75ad9e655e245bde19cb7870\INSTALL_force.rule">
      <Filter>CMake Rules</Filter>
    </CustomBuild>
  </ItemGroup>
  <ItemGroup>
    <Filter Include="CMake Rules">
      <UniqueIdentifier>{6F1BCC95-374F-3110-9150-DDECC3790ADF}</UniqueIdentifier>
    </Filter>
  </ItemGroup>
</Project>
