<?xml version="1.0" encoding="utf-8"?>
<Project ToolsVersion="17.0" xmlns="http://schemas.microsoft.com/developer/msbuild/2003">
  <ItemGroup>
    <ClCompile Include="C:\Users\DoubleT\source\repos\Project 10-17\13 Living Without FX11\BasicEffect.cpp">
      <Filter>Source Files</Filter>
    </ClCompile>
    <ClCompile Include="C:\Users\DoubleT\source\repos\Project 10-17\13 Living Without FX11\GameApp.cpp">
      <Filter>Source Files</Filter>
    </ClCompile>
    <ClCompile Include="C:\Users\DoubleT\source\repos\Project 10-17\13 Living Without FX11\GameObject.cpp">
      <Filter>Source Files</Filter>
    </ClCompile>
    <ClCompile Include="C:\Users\DoubleT\source\repos\Project 10-17\13 Living Without FX11\Main.cpp">
      <Filter>Source Files</Filter>
    </ClCompile>
    <ClCompile Include="C:\Users\DoubleT\source\repos\Project 10-17\Common\Camera.cpp">
      <Filter>Common</Filter>
    </ClCompile>
    <ClCompile Include="C:\Users\DoubleT\source\repos\Project 10-17\Common\CpuTimer.cpp">
      <Filter>Common</Filter>
    </ClCompile>
    <ClCompile Include="C:\Users\DoubleT\source\repos\Project 10-17\Common\DDSTextureLoader11.cpp">
      <Filter>Common</Filter>
    </ClCompile>
    <ClCompile Include="C:\Users\DoubleT\source\repos\Project 10-17\Common\DXTrace.cpp">
      <Filter>Common</Filter>
    </ClCompile>
    <ClCompile Include="C:\Users\DoubleT\source\repos\Project 10-17\Common\RenderStates.cpp">
      <Filter>Common</Filter>
    </ClCompile>
    <ClCompile Include="C:\Users\DoubleT\source\repos\Project 10-17\Common\Transform.cpp">
      <Filter>Common</Filter>
    </ClCompile>
    <ClCompile Include="C:\Users\DoubleT\source\repos\Project 10-17\Common\Vertex.cpp">
      <Filter>Common</Filter>
    </ClCompile>
    <ClCompile Include="C:\Users\DoubleT\source\repos\Project 10-17\Common\WICTextureLoader11.cpp">
      <Filter>Common</Filter>
    </ClCompile>
    <ClCompile Include="C:\Users\DoubleT\source\repos\Project 10-17\Common\d3dApp.cpp">
      <Filter>Common</Filter>
    </ClCompile>
    <ClCompile Include="C:\Users\DoubleT\source\repos\Project 10-17\Common\d3dUtil.cpp">
      <Filter>Common</Filter>
    </ClCompile>
  </ItemGroup>
  <ItemGroup>
    <ClInclude Include="C:\Users\DoubleT\source\repos\Project 10-17\13 Living Without FX11\EffectHelper.h">
      <Filter>Header Files</Filter>
    </ClInclude>
    <ClInclude Include="C:\Users\DoubleT\source\repos\Project 10-17\13 Living Without FX11\Effects.h">
      <Filter>Header Files</Filter>
    </ClInclude>
    <ClInclude Include="C:\Users\DoubleT\source\repos\Project 10-17\13 Living Without FX11\GameApp.h">
      <Filter>Header Files</Filter>
    </ClInclude>
    <ClInclude Include="C:\Users\DoubleT\source\repos\Project 10-17\13 Living Without FX11\GameObject.h">
      <Filter>Header Files</Filter>
    </ClInclude>
    <ClInclude Include="C:\Users\DoubleT\source\repos\Project 10-17\Common\Camera.h">
      <Filter>Common</Filter>
    </ClInclude>
    <ClInclude Include="C:\Users\DoubleT\source\repos\Project 10-17\Common\CpuTimer.h">
      <Filter>Common</Filter>
    </ClInclude>
    <ClInclude Include="C:\Users\DoubleT\source\repos\Project 10-17\Common\DDSTextureLoader11.h">
      <Filter>Common</Filter>
    </ClInclude>
    <ClInclude Include="C:\Users\DoubleT\source\repos\Project 10-17\Common\DXTrace.h">
      <Filter>Common</Filter>
    </ClInclude>
    <ClInclude Include="C:\Users\DoubleT\source\repos\Project 10-17\Common\Geometry.h">
      <Filter>Common</Filter>
    </ClInclude>
    <ClInclude Include="C:\Users\DoubleT\source\repos\Project 10-17\Common\LightHelper.h">
      <Filter>Common</Filter>
    </ClInclude>
    <ClInclude Include="C:\Users\DoubleT\source\repos\Project 10-17\Common\RenderStates.h">
      <Filter>Common</Filter>
    </ClInclude>
    <ClInclude Include="C:\Users\DoubleT\source\repos\Project 10-17\Common\Transform.h">
      <Filter>Common</Filter>
    </ClInclude>
    <ClInclude Include="C:\Users\DoubleT\source\repos\Project 10-17\Common\Vertex.h">
      <Filter>Common</Filter>
    </ClInclude>
    <ClInclude Include="C:\Users\DoubleT\source\repos\Project 10-17\Common\WICTextureLoader11.h">
      <Filter>Common</Filter>
    </ClInclude>
    <ClInclude Include="C:\Users\DoubleT\source\repos\Project 10-17\Common\WinMin.h">
      <Filter>Common</Filter>
    </ClInclude>
    <ClInclude Include="C:\Users\DoubleT\source\repos\Project 10-17\Common\d3dApp.h">
      <Filter>Common</Filter>
    </ClInclude>
    <ClInclude Include="C:\Users\DoubleT\source\repos\Project 10-17\Common\d3dUtil.h">
      <Filter>Common</Filter>
    </ClInclude>
  </ItemGroup>
  <ItemGroup>
    <CustomBuild Include="C:\Users\DoubleT\source\repos\Project 10-17\13 Living Without FX11\CMakeLists.txt" />
  </ItemGroup>
  <ItemGroup>
    <FXCompile Include="C:\Users\DoubleT\source\repos\Project 10-17\13 Living Without FX11\HLSL\Basic_2D_PS.hlsl">
      <Filter>HLSL Files</Filter>
    </FXCompile>
    <FXCompile Include="C:\Users\DoubleT\source\repos\Project 10-17\13 Living Without FX11\HLSL\Basic_2D_VS.hlsl">
      <Filter>HLSL Files</Filter>
    </FXCompile>
    <FXCompile Include="C:\Users\DoubleT\source\repos\Project 10-17\13 Living Without FX11\HLSL\Basic_3D_PS.hlsl">
      <Filter>HLSL Files</Filter>
    </FXCompile>
    <FXCompile Include="C:\Users\DoubleT\source\repos\Project 10-17\13 Living Without FX11\HLSL\Basic_3D_VS.hlsl">
      <Filter>HLSL Files</Filter>
    </FXCompile>
  </ItemGroup>
  <ItemGroup>
    <None Include="C:\Users\DoubleT\source\repos\Project 10-17\13 Living Without FX11\HLSL\Basic.hlsli">
      <Filter>HLSL Files</Filter>
    </None>
    <None Include="C:\Users\DoubleT\source\repos\Project 10-17\13 Living Without FX11\HLSL\LightHelper.hlsli">
      <Filter>HLSL Files</Filter>
    </None>
  </ItemGroup>
  <ItemGroup>
    <Filter Include="Common">
      <UniqueIdentifier>{C14FEA57-6D2D-33EA-8F6F-8F7CE0998DA3}</UniqueIdentifier>
    </Filter>
    <Filter Include="HLSL Files">
      <UniqueIdentifier>{833951D1-A629-3490-BFDB-40AA4E333067}</UniqueIdentifier>
    </Filter>
    <Filter Include="Header Files">
      <UniqueIdentifier>{59BEE432-0781-38E5-AC61-7A1D0235C94F}</UniqueIdentifier>
    </Filter>
    <Filter Include="Source Files">
      <UniqueIdentifier>{86C62C76-D764-3370-8344-73A844A3C353}</UniqueIdentifier>
    </Filter>
  </ItemGroup>
</Project>
