<?xml version="1.0" encoding="utf-8"?>
<Project ToolsVersion="17.0" xmlns="http://schemas.microsoft.com/developer/msbuild/2003">
  <ItemGroup>
    <ClCompile Include="C:\Users\DoubleT\source\repos\Project 19-\30 Blur and Sobel\BasicEffect.cpp">
      <Filter>Source Files</Filter>
    </ClCompile>
    <ClCompile Include="C:\Users\DoubleT\source\repos\Project 19-\30 Blur and Sobel\GameApp.cpp">
      <Filter>Source Files</Filter>
    </ClCompile>
    <ClCompile Include="C:\Users\DoubleT\source\repos\Project 19-\30 Blur and Sobel\Main.cpp">
      <Filter>Source Files</Filter>
    </ClCompile>
    <ClCompile Include="C:\Users\DoubleT\source\repos\Project 19-\30 Blur and Sobel\PostProcessEffect.cpp">
      <Filter>Source Files</Filter>
    </ClCompile>
    <ClCompile Include="C:\Users\DoubleT\source\repos\Project 19-\30 Blur and Sobel\Waves.cpp">
      <Filter>Source Files</Filter>
    </ClCompile>
  </ItemGroup>
  <ItemGroup>
    <ClInclude Include="C:\Users\DoubleT\source\repos\Project 19-\30 Blur and Sobel\Effects.h">
      <Filter>Header Files</Filter>
    </ClInclude>
    <ClInclude Include="C:\Users\DoubleT\source\repos\Project 19-\30 Blur and Sobel\GameApp.h">
      <Filter>Header Files</Filter>
    </ClInclude>
    <ClInclude Include="C:\Users\DoubleT\source\repos\Project 19-\30 Blur and Sobel\Waves.h">
      <Filter>Header Files</Filter>
    </ClInclude>
  </ItemGroup>
  <ItemGroup>
    <CustomBuild Include="C:\Users\DoubleT\source\repos\Project 19-\30 Blur and Sobel\CMakeLists.txt" />
  </ItemGroup>
  <ItemGroup>
    <FXCompile Include="C:\Users\DoubleT\source\repos\Project 19-\30 Blur and Sobel\Shaders\Basic_PS.hlsl">
      <Filter>Shaders</Filter>
    </FXCompile>
    <FXCompile Include="C:\Users\DoubleT\source\repos\Project 19-\30 Blur and Sobel\Shaders\Basic_VS.hlsl">
      <Filter>Shaders</Filter>
    </FXCompile>
    <FXCompile Include="C:\Users\DoubleT\source\repos\Project 19-\30 Blur and Sobel\Shaders\Blur_Horz_CS.hlsl">
      <Filter>Shaders</Filter>
    </FXCompile>
    <FXCompile Include="C:\Users\DoubleT\source\repos\Project 19-\30 Blur and Sobel\Shaders\Blur_Vert_CS.hlsl">
      <Filter>Shaders</Filter>
    </FXCompile>
    <FXCompile Include="C:\Users\DoubleT\source\repos\Project 19-\30 Blur and Sobel\Shaders\Composite_PS.hlsl">
      <Filter>Shaders</Filter>
    </FXCompile>
    <FXCompile Include="C:\Users\DoubleT\source\repos\Project 19-\30 Blur and Sobel\Shaders\Composite_VS.hlsl">
      <Filter>Shaders</Filter>
    </FXCompile>
    <FXCompile Include="C:\Users\DoubleT\source\repos\Project 19-\30 Blur and Sobel\Shaders\OIT_Render_PS.hlsl">
      <Filter>Shaders</Filter>
    </FXCompile>
    <FXCompile Include="C:\Users\DoubleT\source\repos\Project 19-\30 Blur and Sobel\Shaders\OIT_Render_VS.hlsl">
      <Filter>Shaders</Filter>
    </FXCompile>
    <FXCompile Include="C:\Users\DoubleT\source\repos\Project 19-\30 Blur and Sobel\Shaders\OIT_Store_PS.hlsl">
      <Filter>Shaders</Filter>
    </FXCompile>
    <FXCompile Include="C:\Users\DoubleT\source\repos\Project 19-\30 Blur and Sobel\Shaders\Sobel_CS.hlsl">
      <Filter>Shaders</Filter>
    </FXCompile>
    <FXCompile Include="C:\Users\DoubleT\source\repos\Project 19-\30 Blur and Sobel\Shaders\WavesDisturb_CS.hlsl">
      <Filter>Shaders</Filter>
    </FXCompile>
    <FXCompile Include="C:\Users\DoubleT\source\repos\Project 19-\30 Blur and Sobel\Shaders\WavesUpdate_CS.hlsl">
      <Filter>Shaders</Filter>
    </FXCompile>
  </ItemGroup>
  <ItemGroup>
    <None Include="C:\Users\DoubleT\source\repos\Project 19-\30 Blur and Sobel\Shaders\Basic.hlsli">
      <Filter>Shaders</Filter>
    </None>
    <None Include="C:\Users\DoubleT\source\repos\Project 19-\30 Blur and Sobel\Shaders\LightHelper.hlsli">
      <Filter>Shaders</Filter>
    </None>
    <None Include="C:\Users\DoubleT\source\repos\Project 19-\30 Blur and Sobel\Shaders\OIT.hlsli">
      <Filter>Shaders</Filter>
    </None>
    <None Include="C:\Users\DoubleT\source\repos\Project 19-\30 Blur and Sobel\Shaders\PostProcess.hlsli">
      <Filter>Shaders</Filter>
    </None>
    <None Include="C:\Users\DoubleT\source\repos\Project 19-\30 Blur and Sobel\Shaders\Waves.hlsli">
      <Filter>Shaders</Filter>
    </None>
  </ItemGroup>
  <ItemGroup>
    <Filter Include="Header Files">
      <UniqueIdentifier>{59BEE432-0781-38E5-AC61-7A1D0235C94F}</UniqueIdentifier>
    </Filter>
    <Filter Include="Shaders">
      <UniqueIdentifier>{45E07515-66C7-3751-92A5-96969A68010A}</UniqueIdentifier>
    </Filter>
    <Filter Include="Source Files">
      <UniqueIdentifier>{86C62C76-D764-3370-8344-73A844A3C353}</UniqueIdentifier>
    </Filter>
  </ItemGroup>
</Project>
