<?xml version="1.0" encoding="utf-8"?>
<Project ToolsVersion="17.0" xmlns="http://schemas.microsoft.com/developer/msbuild/2003">
  <ItemGroup>
    <ClCompile Include="C:\Users\DoubleT\source\repos\Project 19-\26 Compute Shader Beginning\DDSTextureLoader11.cpp">
      <Filter>Source Files</Filter>
    </ClCompile>
    <ClCompile Include="C:\Users\DoubleT\source\repos\Project 19-\26 Compute Shader Beginning\GameApp.cpp">
      <Filter>Source Files</Filter>
    </ClCompile>
    <ClCompile Include="C:\Users\DoubleT\source\repos\Project 19-\26 Compute Shader Beginning\Main.cpp">
      <Filter>Source Files</Filter>
    </ClCompile>
    <ClCompile Include="C:\Users\DoubleT\source\repos\Project 19-\26 Compute Shader Beginning\ScreenGrab11.cpp">
      <Filter>Source Files</Filter>
    </ClCompile>
    <ClCompile Include="C:\Users\DoubleT\source\repos\Project 19-\26 Compute Shader Beginning\d3dApp.cpp">
      <Filter>Source Files</Filter>
    </ClCompile>
  </ItemGroup>
  <ItemGroup>
    <ClInclude Include="C:\Users\DoubleT\source\repos\Project 19-\26 Compute Shader Beginning\DDSTextureLoader11.h">
      <Filter>Header Files</Filter>
    </ClInclude>
    <ClInclude Include="C:\Users\DoubleT\source\repos\Project 19-\26 Compute Shader Beginning\GameApp.h">
      <Filter>Header Files</Filter>
    </ClInclude>
    <ClInclude Include="C:\Users\DoubleT\source\repos\Project 19-\26 Compute Shader Beginning\ScreenGrab11.h">
      <Filter>Header Files</Filter>
    </ClInclude>
    <ClInclude Include="C:\Users\DoubleT\source\repos\Project 19-\26 Compute Shader Beginning\d3dApp.h">
      <Filter>Header Files</Filter>
    </ClInclude>
  </ItemGroup>
  <ItemGroup>
    <CustomBuild Include="C:\Users\DoubleT\source\repos\Project 19-\26 Compute Shader Beginning\CMakeLists.txt" />
  </ItemGroup>
  <ItemGroup>
    <FXCompile Include="C:\Users\DoubleT\source\repos\Project 19-\26 Compute Shader Beginning\Shaders\TextureMul_CS.hlsl">
      <Filter>Shaders</Filter>
    </FXCompile>
  </ItemGroup>
  <ItemGroup>
    <Filter Include="Header Files">
      <UniqueIdentifier>{59BEE432-0781-38E5-AC61-7A1D0235C94F}</UniqueIdentifier>
    </Filter>
    <Filter Include="Shaders">
      <UniqueIdentifier>{45E07515-66C7-3751-92A5-96969A68010A}</UniqueIdentifier>
    </Filter>
    <Filter Include="Source Files">
      <UniqueIdentifier>{86C62C76-D764-3370-8344-73A844A3C353}</UniqueIdentifier>
    </Filter>
  </ItemGroup>
</Project>
