<?xml version="1.0" encoding="utf-8"?>
<Project ToolsVersion="17.0" xmlns="http://schemas.microsoft.com/developer/msbuild/2003">
  <ItemGroup>
    <ClCompile Include="C:\Users\DoubleT\source\Repos\Project 19-\32 SSAO\BasicEffect.cpp">
      <Filter>Source Files</Filter>
    </ClCompile>
    <ClCompile Include="C:\Users\DoubleT\source\Repos\Project 19-\32 SSAO\GameApp.cpp">
      <Filter>Source Files</Filter>
    </ClCompile>
    <ClCompile Include="C:\Users\DoubleT\source\Repos\Project 19-\32 SSAO\Main.cpp">
      <Filter>Source Files</Filter>
    </ClCompile>
    <ClCompile Include="C:\Users\DoubleT\source\Repos\Project 19-\32 SSAO\SSAOEffect.cpp">
      <Filter>Source Files</Filter>
    </ClCompile>
    <ClCompile Include="C:\Users\DoubleT\source\Repos\Project 19-\32 SSAO\SSAOManager.cpp">
      <Filter>Source Files</Filter>
    </ClCompile>
    <ClCompile Include="C:\Users\DoubleT\source\Repos\Project 19-\32 SSAO\ShadowEffect.cpp">
      <Filter>Source Files</Filter>
    </ClCompile>
    <ClCompile Include="C:\Users\DoubleT\source\Repos\Project 19-\32 SSAO\SkyboxEffect.cpp">
      <Filter>Source Files</Filter>
    </ClCompile>
  </ItemGroup>
  <ItemGroup>
    <ClInclude Include="C:\Users\DoubleT\source\Repos\Project 19-\32 SSAO\Effects.h">
      <Filter>Header Files</Filter>
    </ClInclude>
    <ClInclude Include="C:\Users\DoubleT\source\Repos\Project 19-\32 SSAO\GameApp.h">
      <Filter>Header Files</Filter>
    </ClInclude>
    <ClInclude Include="C:\Users\DoubleT\source\Repos\Project 19-\32 SSAO\LightHelper.h">
      <Filter>Header Files</Filter>
    </ClInclude>
    <ClInclude Include="C:\Users\DoubleT\source\Repos\Project 19-\32 SSAO\SSAOManager.h">
      <Filter>Header Files</Filter>
    </ClInclude>
    <ClInclude Include="C:\Users\DoubleT\source\Repos\Project 19-\32 SSAO\Shaders\Basic.hlsl">
      <Filter>Shaders</Filter>
    </ClInclude>
    <ClInclude Include="C:\Users\DoubleT\source\Repos\Project 19-\32 SSAO\Shaders\FullScreenTriangle.hlsl">
      <Filter>Shaders</Filter>
    </ClInclude>
    <ClInclude Include="C:\Users\DoubleT\source\Repos\Project 19-\32 SSAO\Shaders\LightHelper.hlsl">
      <Filter>Shaders</Filter>
    </ClInclude>
    <ClInclude Include="C:\Users\DoubleT\source\Repos\Project 19-\32 SSAO\Shaders\SSAO.hlsl">
      <Filter>Shaders</Filter>
    </ClInclude>
    <ClInclude Include="C:\Users\DoubleT\source\Repos\Project 19-\32 SSAO\Shaders\Shadow.hlsl">
      <Filter>Shaders</Filter>
    </ClInclude>
    <ClInclude Include="C:\Users\DoubleT\source\Repos\Project 19-\32 SSAO\Shaders\Skybox.hlsl">
      <Filter>Shaders</Filter>
    </ClInclude>
  </ItemGroup>
  <ItemGroup>
    <CustomBuild Include="C:\Users\DoubleT\source\Repos\Project 19-\32 SSAO\CMakeLists.txt" />
  </ItemGroup>
  <ItemGroup>
    <Filter Include="Header Files">
      <UniqueIdentifier>{4FAA0A1E-B67B-339C-95E6-334662F603DD}</UniqueIdentifier>
    </Filter>
    <Filter Include="Shaders">
      <UniqueIdentifier>{C081070D-CEA0-380C-94C0-9A0985616781}</UniqueIdentifier>
    </Filter>
    <Filter Include="Source Files">
      <UniqueIdentifier>{F7B99844-9036-3AD9-A006-196D44569B0A}</UniqueIdentifier>
    </Filter>
  </ItemGroup>
</Project>
