<?xml version="1.0" encoding="utf-8"?>
<Project ToolsVersion="17.0" xmlns="http://schemas.microsoft.com/developer/msbuild/2003">
  <ItemGroup>
    <ClCompile Include="C:\Users\DoubleT\source\repos\Project 19-\32 SSAO\BasicEffect.cpp">
      <Filter>Source Files</Filter>
    </ClCompile>
    <ClCompile Include="C:\Users\DoubleT\source\repos\Project 19-\32 SSAO\GameApp.cpp">
      <Filter>Source Files</Filter>
    </ClCompile>
    <ClCompile Include="C:\Users\DoubleT\source\repos\Project 19-\32 SSAO\Main.cpp">
      <Filter>Source Files</Filter>
    </ClCompile>
    <ClCompile Include="C:\Users\DoubleT\source\repos\Project 19-\32 SSAO\SSAOEffect.cpp">
      <Filter>Source Files</Filter>
    </ClCompile>
    <ClCompile Include="C:\Users\DoubleT\source\repos\Project 19-\32 SSAO\SSAOManager.cpp">
      <Filter>Source Files</Filter>
    </ClCompile>
    <ClCompile Include="C:\Users\DoubleT\source\repos\Project 19-\32 SSAO\ShadowEffect.cpp">
      <Filter>Source Files</Filter>
    </ClCompile>
    <ClCompile Include="C:\Users\DoubleT\source\repos\Project 19-\32 SSAO\SkyboxEffect.cpp">
      <Filter>Source Files</Filter>
    </ClCompile>
  </ItemGroup>
  <ItemGroup>
    <ClInclude Include="C:\Users\DoubleT\source\repos\Project 19-\32 SSAO\Effects.h">
      <Filter>Header Files</Filter>
    </ClInclude>
    <ClInclude Include="C:\Users\DoubleT\source\repos\Project 19-\32 SSAO\GameApp.h">
      <Filter>Header Files</Filter>
    </ClInclude>
    <ClInclude Include="C:\Users\DoubleT\source\repos\Project 19-\32 SSAO\LightHelper.h">
      <Filter>Header Files</Filter>
    </ClInclude>
    <ClInclude Include="C:\Users\DoubleT\source\repos\Project 19-\32 SSAO\SSAOManager.h">
      <Filter>Header Files</Filter>
    </ClInclude>
    <ClInclude Include="C:\Users\DoubleT\source\repos\Project 19-\32 SSAO\Shaders\Basic.hlsl">
      <Filter>Shaders</Filter>
    </ClInclude>
    <ClInclude Include="C:\Users\DoubleT\source\repos\Project 19-\32 SSAO\Shaders\FullScreenTriangle.hlsl">
      <Filter>Shaders</Filter>
    </ClInclude>
    <ClInclude Include="C:\Users\DoubleT\source\repos\Project 19-\32 SSAO\Shaders\LightHelper.hlsl">
      <Filter>Shaders</Filter>
    </ClInclude>
    <ClInclude Include="C:\Users\DoubleT\source\repos\Project 19-\32 SSAO\Shaders\SSAO.hlsl">
      <Filter>Shaders</Filter>
    </ClInclude>
    <ClInclude Include="C:\Users\DoubleT\source\repos\Project 19-\32 SSAO\Shaders\Shadow.hlsl">
      <Filter>Shaders</Filter>
    </ClInclude>
    <ClInclude Include="C:\Users\DoubleT\source\repos\Project 19-\32 SSAO\Shaders\Skybox.hlsl">
      <Filter>Shaders</Filter>
    </ClInclude>
  </ItemGroup>
  <ItemGroup>
    <CustomBuild Include="C:\Users\DoubleT\source\repos\Project 19-\32 SSAO\CMakeLists.txt" />
  </ItemGroup>
  <ItemGroup>
    <Filter Include="Header Files">
      <UniqueIdentifier>{59BEE432-0781-38E5-AC61-7A1D0235C94F}</UniqueIdentifier>
    </Filter>
    <Filter Include="Shaders">
      <UniqueIdentifier>{45E07515-66C7-3751-92A5-96969A68010A}</UniqueIdentifier>
    </Filter>
    <Filter Include="Source Files">
      <UniqueIdentifier>{86C62C76-D764-3370-8344-73A844A3C353}</UniqueIdentifier>
    </Filter>
  </ItemGroup>
</Project>
