<?xml version="1.0" encoding="utf-8"?>
<Project ToolsVersion="17.0" xmlns="http://schemas.microsoft.com/developer/msbuild/2003">
  <ItemGroup>
    <ClCompile Include="C:\Users\DoubleT\source\Repos\Project 01-09\06 Use ImGui\CpuTimer.cpp">
      <Filter>Source Files</Filter>
    </ClCompile>
    <ClCompile Include="C:\Users\DoubleT\source\Repos\Project 01-09\06 Use ImGui\DXTrace.cpp">
      <Filter>Source Files</Filter>
    </ClCompile>
    <ClCompile Include="C:\Users\DoubleT\source\Repos\Project 01-09\06 Use ImGui\GameApp.cpp">
      <Filter>Source Files</Filter>
    </ClCompile>
    <ClCompile Include="C:\Users\DoubleT\source\Repos\Project 01-09\06 Use ImGui\Main.cpp">
      <Filter>Source Files</Filter>
    </ClCompile>
    <ClCompile Include="C:\Users\DoubleT\source\Repos\Project 01-09\06 Use ImGui\d3dApp.cpp">
      <Filter>Source Files</Filter>
    </ClCompile>
    <ClCompile Include="C:\Users\DoubleT\source\Repos\Project 01-09\06 Use ImGui\d3dUtil.cpp">
      <Filter>Source Files</Filter>
    </ClCompile>
  </ItemGroup>
  <ItemGroup>
    <ClInclude Include="C:\Users\DoubleT\source\Repos\Project 01-09\06 Use ImGui\CpuTimer.h">
      <Filter>Header Files</Filter>
    </ClInclude>
    <ClInclude Include="C:\Users\DoubleT\source\Repos\Project 01-09\06 Use ImGui\DXTrace.h">
      <Filter>Header Files</Filter>
    </ClInclude>
    <ClInclude Include="C:\Users\DoubleT\source\Repos\Project 01-09\06 Use ImGui\GameApp.h">
      <Filter>Header Files</Filter>
    </ClInclude>
    <ClInclude Include="C:\Users\DoubleT\source\Repos\Project 01-09\06 Use ImGui\WinMin.h">
      <Filter>Header Files</Filter>
    </ClInclude>
    <ClInclude Include="C:\Users\DoubleT\source\Repos\Project 01-09\06 Use ImGui\d3dApp.h">
      <Filter>Header Files</Filter>
    </ClInclude>
    <ClInclude Include="C:\Users\DoubleT\source\Repos\Project 01-09\06 Use ImGui\d3dUtil.h">
      <Filter>Header Files</Filter>
    </ClInclude>
  </ItemGroup>
  <ItemGroup>
    <CustomBuild Include="C:\Users\DoubleT\source\Repos\Project 01-09\06 Use ImGui\CMakeLists.txt" />
  </ItemGroup>
  <ItemGroup>
    <FXCompile Include="C:\Users\DoubleT\source\Repos\Project 01-09\06 Use ImGui\HLSL\Cube_PS.hlsl">
      <Filter>HLSL Files</Filter>
    </FXCompile>
    <FXCompile Include="C:\Users\DoubleT\source\Repos\Project 01-09\06 Use ImGui\HLSL\Cube_VS.hlsl">
      <Filter>HLSL Files</Filter>
    </FXCompile>
  </ItemGroup>
  <ItemGroup>
    <None Include="C:\Users\DoubleT\source\Repos\Project 01-09\06 Use ImGui\HLSL\Cube.hlsli">
      <Filter>HLSL Files</Filter>
    </None>
  </ItemGroup>
  <ItemGroup>
    <Filter Include="HLSL Files">
      <UniqueIdentifier>{F95C65FE-C6C4-3D5E-A1B9-465DBEF1DF5C}</UniqueIdentifier>
    </Filter>
    <Filter Include="Header Files">
      <UniqueIdentifier>{4FAA0A1E-B67B-339C-95E6-334662F603DD}</UniqueIdentifier>
    </Filter>
    <Filter Include="Source Files">
      <UniqueIdentifier>{F7B99844-9036-3AD9-A006-196D44569B0A}</UniqueIdentifier>
    </Filter>
  </ItemGroup>
</Project>
